# This file is generated by running "yarn install" inside your project.
# Manual changes might be lost - proceed with caution!

__metadata:
  version: 8
  cacheKey: 10c0

"@isaacs/cliui@npm:^8.0.2":
  version: 8.0.2
  resolution: "@isaacs/cliui@npm:8.0.2"
  dependencies:
    string-width: "npm:^5.1.2"
    string-width-cjs: "npm:string-width@^4.2.0"
    strip-ansi: "npm:^7.0.1"
    strip-ansi-cjs: "npm:strip-ansi@^6.0.1"
    wrap-ansi: "npm:^8.1.0"
    wrap-ansi-cjs: "npm:wrap-ansi@^7.0.0"
  checksum: 10c0/b1bf42535d49f11dc137f18d5e4e63a28c5569de438a221c369483731e9dac9fb797af554e8bf02b6192d1e5eba6e6402cf93900c3d0ac86391d00d04876789e
  languageName: node
  linkType: hard

"@isaacs/fs-minipass@npm:^4.0.0":
  version: 4.0.1
  resolution: "@isaacs/fs-minipass@npm:4.0.1"
  dependencies:
    minipass: "npm:^7.0.4"
  checksum: 10c0/c25b6dc1598790d5b55c0947a9b7d111cfa92594db5296c3b907e2f533c033666f692a3939eadac17b1c7c40d362d0b0635dc874cbfe3e70db7c2b07cc97a5d2
  languageName: node
  linkType: hard

"@noble/hashes@npm:^1.4.0":
  version: 1.7.1
  resolution: "@noble/hashes@npm:1.7.1"
  checksum: 10c0/2f8ec0338ccc92b576a0f5c16ab9c017a3a494062f1fbb569ae641c5e7eab32072f9081acaa96b5048c0898f972916c818ea63cbedda707886a4b5ffcfbf94e3
  languageName: node
  linkType: hard

"@npmcli/agent@npm:^3.0.0":
  version: 3.0.0
  resolution: "@npmcli/agent@npm:3.0.0"
  dependencies:
    agent-base: "npm:^7.1.0"
    http-proxy-agent: "npm:^7.0.0"
    https-proxy-agent: "npm:^7.0.1"
    lru-cache: "npm:^10.0.1"
    socks-proxy-agent: "npm:^8.0.3"
  checksum: 10c0/efe37b982f30740ee77696a80c196912c274ecd2cb243bc6ae7053a50c733ce0f6c09fda085145f33ecf453be19654acca74b69e81eaad4c90f00ccffe2f9271
  languageName: node
  linkType: hard

"@npmcli/fs@npm:^4.0.0":
  version: 4.0.0
  resolution: "@npmcli/fs@npm:4.0.0"
  dependencies:
    semver: "npm:^7.3.5"
  checksum: 10c0/c90935d5ce670c87b6b14fab04a965a3b8137e585f8b2a6257263bd7f97756dd736cb165bb470e5156a9e718ecd99413dccc54b1138c1a46d6ec7cf325982fe5
  languageName: node
  linkType: hard

"@openpassport/zk-kit-imt@npm:^0.0.5":
  version: 0.0.5
  resolution: "@openpassport/zk-kit-imt@npm:0.0.5"
  dependencies:
    "@openpassport/zk-kit-utils": "npm:0.0.1"
  checksum: 10c0/3664f0710b6472d7c406ffdcdfb9ab7590bf2b4b69c2c2e36989be888ae4730bab285791e6e8f98ea3fe9eac0271a6fb57bff88ddc92b5c038c9813ffbb2d24c
  languageName: node
  linkType: hard

"@openpassport/zk-kit-lean-imt@npm:^0.0.6":
  version: 0.0.6
  resolution: "@openpassport/zk-kit-lean-imt@npm:0.0.6"
  dependencies:
    "@openpassport/zk-kit-utils": "npm:0.0.1"
  checksum: 10c0/2cb3f99e216391a325a7050290cccfa12323dc057d7cf4a26baeafe79a34c4ed3013da035fdbe9985395d5a668e37fd81f2b060834b67895bd3f82e7edfe0601
  languageName: node
  linkType: hard

"@openpassport/zk-kit-smt@npm:^0.0.1":
  version: 0.0.1
  resolution: "@openpassport/zk-kit-smt@npm:0.0.1"
  checksum: 10c0/2d1d6ccd51c1cdf005e71090ac3d5d505ca58f58776bb7bd178c3d6bfdf3e22b69e50816e620f376663b63fa98bf22439c9b38de523de51e018b9e52f097624b
  languageName: node
  linkType: hard

"@openpassport/zk-kit-utils@npm:0.0.1":
  version: 0.0.1
  resolution: "@openpassport/zk-kit-utils@npm:0.0.1"
  dependencies:
    buffer: "npm:^6.0.3"
  checksum: 10c0/3a9adb279cfd5096c44934bb6c73979f21247eb0119a65f8b5c0bb1f457f5500de761fc627e0bd9e72a7cbf5ca65696c144bfffe3dbd1f1ce37a300c239a8e3f
  languageName: node
  linkType: hard

"@peculiar/asn1-cms@npm:^2.3.13, @peculiar/asn1-cms@npm:^2.3.15":
  version: 2.3.15
  resolution: "@peculiar/asn1-cms@npm:2.3.15"
  dependencies:
    "@peculiar/asn1-schema": "npm:^2.3.15"
    "@peculiar/asn1-x509": "npm:^2.3.15"
    "@peculiar/asn1-x509-attr": "npm:^2.3.15"
    asn1js: "npm:^3.0.5"
    tslib: "npm:^2.8.1"
  checksum: 10c0/767f984d75c3ed19e1fbb9dd93034646764e84cdf93567deff4aa4876d4d1d205543c5c606c1870c3a3fc641af76a85a5f017369a42269bed7164bd9f5ea8f9f
  languageName: node
  linkType: hard

"@peculiar/asn1-csr@npm:^2.3.13":
  version: 2.3.15
  resolution: "@peculiar/asn1-csr@npm:2.3.15"
  dependencies:
    "@peculiar/asn1-schema": "npm:^2.3.15"
    "@peculiar/asn1-x509": "npm:^2.3.15"
    asn1js: "npm:^3.0.5"
    tslib: "npm:^2.8.1"
  checksum: 10c0/8fd76813b31fc179d41ce33b7ede56f399561f6850d5794ffff2f5b8633cdf96d80847333eb3699ac463a7f3883e2e789702fdc653eb00f90f2872c5577b79f7
  languageName: node
  linkType: hard

"@peculiar/asn1-ecc@npm:^2.3.14":
  version: 2.3.15
  resolution: "@peculiar/asn1-ecc@npm:2.3.15"
  dependencies:
    "@peculiar/asn1-schema": "npm:^2.3.15"
    "@peculiar/asn1-x509": "npm:^2.3.15"
    asn1js: "npm:^3.0.5"
    tslib: "npm:^2.8.1"
  checksum: 10c0/410aee8742616bee2abe01a46fc054c5b8d5e4c81446adf2ebbae7a76e8e6eafd0acac360255d927ed08643633382fc7439d3b7a8395eb2245683d9ae4be8f84
  languageName: node
  linkType: hard

"@peculiar/asn1-pfx@npm:^2.3.15":
  version: 2.3.15
  resolution: "@peculiar/asn1-pfx@npm:2.3.15"
  dependencies:
    "@peculiar/asn1-cms": "npm:^2.3.15"
    "@peculiar/asn1-pkcs8": "npm:^2.3.15"
    "@peculiar/asn1-rsa": "npm:^2.3.15"
    "@peculiar/asn1-schema": "npm:^2.3.15"
    asn1js: "npm:^3.0.5"
    tslib: "npm:^2.8.1"
  checksum: 10c0/9db67a2aa673e9461076fe106d92cc31cd06c34e55abddcb906b6f3c6dc53af27763423ac5560474b4cab213853d363165f570ee8cf07fd3b343bed8b35697bc
  languageName: node
  linkType: hard

"@peculiar/asn1-pkcs8@npm:^2.3.15":
  version: 2.3.15
  resolution: "@peculiar/asn1-pkcs8@npm:2.3.15"
  dependencies:
    "@peculiar/asn1-schema": "npm:^2.3.15"
    "@peculiar/asn1-x509": "npm:^2.3.15"
    asn1js: "npm:^3.0.5"
    tslib: "npm:^2.8.1"
  checksum: 10c0/672cbb67f4ce54197bd2fd28cdf898c3f3b1486b453102387c90db618446fb1bcd0a5ac58140115cd276a7cb920b2a6700ea6d9b8b928c8ffdf0479f45941a9f
  languageName: node
  linkType: hard

"@peculiar/asn1-pkcs9@npm:^2.3.13":
  version: 2.3.15
  resolution: "@peculiar/asn1-pkcs9@npm:2.3.15"
  dependencies:
    "@peculiar/asn1-cms": "npm:^2.3.15"
    "@peculiar/asn1-pfx": "npm:^2.3.15"
    "@peculiar/asn1-pkcs8": "npm:^2.3.15"
    "@peculiar/asn1-schema": "npm:^2.3.15"
    "@peculiar/asn1-x509": "npm:^2.3.15"
    "@peculiar/asn1-x509-attr": "npm:^2.3.15"
    asn1js: "npm:^3.0.5"
    tslib: "npm:^2.8.1"
  checksum: 10c0/ffae63b07857648c9ba7395932f45c9b56061aa9e44ba9b28145a88d481fe822669ddd2bbd89509a037f8aaaa5c28c24f1e7dd9f83eaccfad1fe1feb0da3b6fd
  languageName: node
  linkType: hard

"@peculiar/asn1-rsa@npm:^2.3.13, @peculiar/asn1-rsa@npm:^2.3.15":
  version: 2.3.15
  resolution: "@peculiar/asn1-rsa@npm:2.3.15"
  dependencies:
    "@peculiar/asn1-schema": "npm:^2.3.15"
    "@peculiar/asn1-x509": "npm:^2.3.15"
    asn1js: "npm:^3.0.5"
    tslib: "npm:^2.8.1"
  checksum: 10c0/38f29c5ae6d6303832733536c58b2aa01bbf1fcdc22b4fc913669ef2601f67db76b9c3cac3971c337c84234ae3adf2ebb93593623d27728b713124eada03add4
  languageName: node
  linkType: hard

"@peculiar/asn1-schema@npm:^2.3.13, @peculiar/asn1-schema@npm:^2.3.15":
  version: 2.3.15
  resolution: "@peculiar/asn1-schema@npm:2.3.15"
  dependencies:
    asn1js: "npm:^3.0.5"
    pvtsutils: "npm:^1.3.6"
    tslib: "npm:^2.8.1"
  checksum: 10c0/0e73e292a17d00a8770825a9504ceaf0994481a39126317ca0ca5d3dc742087f2b71a4d086bb5613bf19ac57f001d42f594683797d43137702db3ee2b42736a0
  languageName: node
  linkType: hard

"@peculiar/asn1-x509-attr@npm:^2.3.15":
  version: 2.3.15
  resolution: "@peculiar/asn1-x509-attr@npm:2.3.15"
  dependencies:
    "@peculiar/asn1-schema": "npm:^2.3.15"
    "@peculiar/asn1-x509": "npm:^2.3.15"
    asn1js: "npm:^3.0.5"
    tslib: "npm:^2.8.1"
  checksum: 10c0/5460e46b33e4771b8e4117be83b24a6d97f118bd4f4044233c5fab9c28c90d10d6be041a4ef274e4688d2f37a661ff210c45acfc4591c212c6703620c074fad2
  languageName: node
  linkType: hard

"@peculiar/asn1-x509@npm:^2.3.13, @peculiar/asn1-x509@npm:^2.3.15":
  version: 2.3.15
  resolution: "@peculiar/asn1-x509@npm:2.3.15"
  dependencies:
    "@peculiar/asn1-schema": "npm:^2.3.15"
    asn1js: "npm:^3.0.5"
    pvtsutils: "npm:^1.3.6"
    tslib: "npm:^2.8.1"
  checksum: 10c0/a97b5f26d6ce4ebfa2e5102ac076802839e3008571c672f02fda78a047dbf786042b62fd9fd6f6ee615de9b7d32a92433ff1a71ba203447b8a16eedaa89d3e11
  languageName: node
  linkType: hard

"@peculiar/x509@npm:^1.11.0":
  version: 1.12.3
  resolution: "@peculiar/x509@npm:1.12.3"
  dependencies:
    "@peculiar/asn1-cms": "npm:^2.3.13"
    "@peculiar/asn1-csr": "npm:^2.3.13"
    "@peculiar/asn1-ecc": "npm:^2.3.14"
    "@peculiar/asn1-pkcs9": "npm:^2.3.13"
    "@peculiar/asn1-rsa": "npm:^2.3.13"
    "@peculiar/asn1-schema": "npm:^2.3.13"
    "@peculiar/asn1-x509": "npm:^2.3.13"
    pvtsutils: "npm:^1.3.5"
    reflect-metadata: "npm:^0.2.2"
    tslib: "npm:^2.7.0"
    tsyringe: "npm:^4.8.0"
  checksum: 10c0/5395af84f04b221989f7e2868c1ee641e5e91ee21aff201dc31bfa85578009fbce00b19db1f7fdebc11b5357f3285731cfe9784e4ae21556da7b62effd976b5c
  languageName: node
  linkType: hard

"@pkgjs/parseargs@npm:^0.11.0":
  version: 0.11.0
  resolution: "@pkgjs/parseargs@npm:0.11.0"
  checksum: 10c0/5bd7576bb1b38a47a7fc7b51ac9f38748e772beebc56200450c4a817d712232b8f1d3ef70532c80840243c657d491cf6a6be1e3a214cff907645819fdc34aadd
  languageName: node
  linkType: hard

"@prisma/client@npm:^5.19.0":
  version: 5.22.0
  resolution: "@prisma/client@npm:5.22.0"
  peerDependencies:
    prisma: "*"
  peerDependenciesMeta:
    prisma:
      optional: true
  checksum: 10c0/ad111b931f184249794f811637456eb38dcfd0d7047e5a1f64804e5256f462fa3ee7c7a552fc8fa181e8daacc2b958af7426cb57bf0dc66605c3ef7c4aef4afb
  languageName: node
  linkType: hard

"@prisma/debug@npm:5.22.0":
  version: 5.22.0
  resolution: "@prisma/debug@npm:5.22.0"
  checksum: 10c0/ff7c5e84d9f9b568a2a1992eb39fc7c3ab6d9e326c77fdefec1655ccfbf6c0ee268a5dcf087867848eb00a0328c9cc75a164880ec7cd60f7fd634e2fca2943d9
  languageName: node
  linkType: hard

"@prisma/engines-version@npm:5.22.0-44.605197351a3c8bdd595af2d2a9bc3025bca48ea2":
  version: 5.22.0-44.605197351a3c8bdd595af2d2a9bc3025bca48ea2
  resolution: "@prisma/engines-version@npm:5.22.0-44.605197351a3c8bdd595af2d2a9bc3025bca48ea2"
  checksum: 10c0/95df49c6f35f99c0977e9690d9ae0776327df07c6f035e8c4a247a9c21108f0760c02ca6dbe63a35013e5cd1eb77a896edb340f1e28ea04373c6cefc4ce09b51
  languageName: node
  linkType: hard

"@prisma/engines@npm:5.22.0":
  version: 5.22.0
  resolution: "@prisma/engines@npm:5.22.0"
  dependencies:
    "@prisma/debug": "npm:5.22.0"
    "@prisma/engines-version": "npm:5.22.0-44.605197351a3c8bdd595af2d2a9bc3025bca48ea2"
    "@prisma/fetch-engine": "npm:5.22.0"
    "@prisma/get-platform": "npm:5.22.0"
  checksum: 10c0/81a439e5064a1036e05da8feaf7ffb19b5dba98d5ea68dc385f7e24e3cc25ef9f0b78a1aa1d7d7234a9afd916ee18b707863cee48274912315bc933429f26ce7
  languageName: node
  linkType: hard

"@prisma/fetch-engine@npm:5.22.0":
  version: 5.22.0
  resolution: "@prisma/fetch-engine@npm:5.22.0"
  dependencies:
    "@prisma/debug": "npm:5.22.0"
    "@prisma/engines-version": "npm:5.22.0-44.605197351a3c8bdd595af2d2a9bc3025bca48ea2"
    "@prisma/get-platform": "npm:5.22.0"
  checksum: 10c0/0d3dcaffbadcf9185cca37bb50ce3a92fad2a205451731e5c3d02b1ee96a918dde99a9ce231e62bddde5ec8dcb3035338ff1312f8416f2cdaf31a69a19448baf
  languageName: node
  linkType: hard

"@prisma/get-platform@npm:5.22.0":
  version: 5.22.0
  resolution: "@prisma/get-platform@npm:5.22.0"
  dependencies:
    "@prisma/debug": "npm:5.22.0"
  checksum: 10c0/b934f9bbba1e8dae01721a213a5b166a4dd9f35bf04ad93fb9e24afb67945c09562d4e2c5b4d33b1830cdc7adeb03775309c55ab2c470048ed4cfc947fe495f5
  languageName: node
  linkType: hard

"@types/node@npm:^20.11.20":
  version: 20.17.17
  resolution: "@types/node@npm:20.17.17"
  dependencies:
    undici-types: "npm:~6.19.2"
  checksum: 10c0/6aebc8053b96f1b6d82c3a3fe5fc20d9f7eeb507d79d967221bbecaa2b26665fa1c9efe460be2a2f4aaae4e98f37797df7d5a4189f2b6edf8abf9f82f7fd8b1f
  languageName: node
  linkType: hard

"abbrev@npm:^3.0.0":
  version: 3.0.0
  resolution: "abbrev@npm:3.0.0"
  checksum: 10c0/049704186396f571650eb7b22ed3627b77a5aedf98bb83caf2eac81ca2a3e25e795394b0464cfb2d6076df3db6a5312139eac5b6a126ca296ac53c5008069c28
  languageName: node
  linkType: hard

"agent-base@npm:^7.1.0, agent-base@npm:^7.1.2":
  version: 7.1.3
  resolution: "agent-base@npm:7.1.3"
  checksum: 10c0/6192b580c5b1d8fb399b9c62bf8343d76654c2dd62afcb9a52b2cf44a8b6ace1e3b704d3fe3547d91555c857d3df02603341ff2cb961b9cfe2b12f9f3c38ee11
  languageName: node
  linkType: hard

"ansi-regex@npm:^5.0.1":
  version: 5.0.1
  resolution: "ansi-regex@npm:5.0.1"
  checksum: 10c0/9a64bb8627b434ba9327b60c027742e5d17ac69277960d041898596271d992d4d52ba7267a63ca10232e29f6107fc8a835f6ce8d719b88c5f8493f8254813737
  languageName: node
  linkType: hard

"ansi-regex@npm:^6.0.1":
  version: 6.1.0
  resolution: "ansi-regex@npm:6.1.0"
  checksum: 10c0/a91daeddd54746338478eef88af3439a7edf30f8e23196e2d6ed182da9add559c601266dbef01c2efa46a958ad6f1f8b176799657616c702b5b02e799e7fd8dc
  languageName: node
  linkType: hard

"ansi-styles@npm:^4.0.0":
  version: 4.3.0
  resolution: "ansi-styles@npm:4.3.0"
  dependencies:
    color-convert: "npm:^2.0.1"
  checksum: 10c0/895a23929da416f2bd3de7e9cb4eabd340949328ab85ddd6e484a637d8f6820d485f53933446f5291c3b760cbc488beb8e88573dd0f9c7daf83dccc8fe81b041
  languageName: node
  linkType: hard

"ansi-styles@npm:^6.1.0":
  version: 6.2.1
  resolution: "ansi-styles@npm:6.2.1"
  checksum: 10c0/5d1ec38c123984bcedd996eac680d548f31828bd679a66db2bdf11844634dde55fec3efa9c6bb1d89056a5e79c1ac540c4c784d592ea1d25028a92227d2f2d5c
  languageName: node
  linkType: hard

"asn1-ts@npm:^2.0.0":
  version: 2.11.2
  resolution: "asn1-ts@npm:2.11.2"
  checksum: 10c0/bd887152f433a96d35473c31d868887e05ba3ab4bad259dc47d12b401dc001fea646e01f740a6240b138cdb95d41839f3c769271563c795676eda141d5206d3c
  languageName: node
  linkType: hard

"asn1.js@npm:^5.4.1":
  version: 5.4.1
  resolution: "asn1.js@npm:5.4.1"
  dependencies:
    bn.js: "npm:^4.0.0"
    inherits: "npm:^2.0.1"
    minimalistic-assert: "npm:^1.0.0"
    safer-buffer: "npm:^2.1.0"
  checksum: 10c0/b577232fa6069cc52bb128e564002c62b2b1fe47f7137bdcd709c0b8495aa79cee0f8cc458a831b2d8675900eea0d05781b006be5e1aa4f0ae3577a73ec20324
  languageName: node
  linkType: hard

"asn1@npm:^0.2.4, asn1@npm:^0.2.6":
  version: 0.2.6
  resolution: "asn1@npm:0.2.6"
  dependencies:
    safer-buffer: "npm:~2.1.0"
  checksum: 10c0/00c8a06c37e548762306bcb1488388d2f76c74c36f70c803f0c081a01d3bdf26090fc088cd812afc5e56a6d49e33765d451a5f8a68ab9c2b087eba65d2e980e0
  languageName: node
  linkType: hard

"asn1js@npm:^3.0.5":
  version: 3.0.5
  resolution: "asn1js@npm:3.0.5"
  dependencies:
    pvtsutils: "npm:^1.3.2"
    pvutils: "npm:^1.1.3"
    tslib: "npm:^2.4.0"
  checksum: 10c0/bb8eaf4040c8f49dd475566874986f5976b81bae65a6b5526e2208a13cdca323e69ce297bcd435fdda3eb6933defe888e71974d705b6fcb14f2734a907f8aed4
  languageName: node
  linkType: hard

"balanced-match@npm:^1.0.0":
  version: 1.0.2
  resolution: "balanced-match@npm:1.0.2"
  checksum: 10c0/9308baf0a7e4838a82bbfd11e01b1cb0f0cf2893bc1676c27c2a8c0e70cbae1c59120c3268517a8ae7fb6376b4639ef81ca22582611dbee4ed28df945134aaee
  languageName: node
  linkType: hard

"base64-js@npm:^1.3.1":
  version: 1.5.1
  resolution: "base64-js@npm:1.5.1"
  checksum: 10c0/f23823513b63173a001030fae4f2dabe283b99a9d324ade3ad3d148e218134676f1ee8568c877cd79ec1c53158dcf2d2ba527a97c606618928ba99dd930102bf
  languageName: node
  linkType: hard

"bn.js@npm:^4.0.0":
  version: 4.12.1
  resolution: "bn.js@npm:4.12.1"
  checksum: 10c0/b7f37a0cd5e4b79142b6f4292d518b416be34ae55d6dd6b0f66f96550c8083a50ffbbf8bda8d0ab471158cb81aa74ea4ee58fe33c7802e4a30b13810e98df116
  languageName: node
  linkType: hard

"brace-expansion@npm:^2.0.1":
  version: 2.0.1
  resolution: "brace-expansion@npm:2.0.1"
  dependencies:
    balanced-match: "npm:^1.0.0"
  checksum: 10c0/b358f2fe060e2d7a87aa015979ecea07f3c37d4018f8d6deb5bd4c229ad3a0384fe6029bb76cd8be63c81e516ee52d1a0673edbe2023d53a5191732ae3c3e49f
  languageName: node
  linkType: hard

"buffer@npm:^6.0.3":
  version: 6.0.3
  resolution: "buffer@npm:6.0.3"
  dependencies:
    base64-js: "npm:^1.3.1"
    ieee754: "npm:^1.2.1"
  checksum: 10c0/2a905fbbcde73cc5d8bd18d1caa23715d5f83a5935867c2329f0ac06104204ba7947be098fe1317fbd8830e26090ff8e764f08cd14fefc977bb248c3487bcbd0
  languageName: node
  linkType: hard

"bytestreamjs@npm:^2.0.0":
  version: 2.0.1
  resolution: "bytestreamjs@npm:2.0.1"
  checksum: 10c0/edd66b7ca3f94aae99a1009304a42d82ca4c2085eb934192ff47a81f59215c975dc9d3cd8f23c40a2f43ef5b2fa6f01ace70b10ad247766cec6ec641b89eab48
  languageName: node
  linkType: hard

"cacache@npm:^19.0.1":
  version: 19.0.1
  resolution: "cacache@npm:19.0.1"
  dependencies:
    "@npmcli/fs": "npm:^4.0.0"
    fs-minipass: "npm:^3.0.0"
    glob: "npm:^10.2.2"
    lru-cache: "npm:^10.0.1"
    minipass: "npm:^7.0.3"
    minipass-collect: "npm:^2.0.1"
    minipass-flush: "npm:^1.0.5"
    minipass-pipeline: "npm:^1.2.4"
    p-map: "npm:^7.0.2"
    ssri: "npm:^12.0.0"
    tar: "npm:^7.4.3"
    unique-filename: "npm:^4.0.0"
  checksum: 10c0/01f2134e1bd7d3ab68be851df96c8d63b492b1853b67f2eecb2c37bb682d37cb70bb858a16f2f0554d3c0071be6dfe21456a1ff6fa4b7eed996570d6a25ffe9c
  languageName: node
  linkType: hard

"chownr@npm:^3.0.0":
  version: 3.0.0
  resolution: "chownr@npm:3.0.0"
  checksum: 10c0/43925b87700f7e3893296c8e9c56cc58f926411cce3a6e5898136daaf08f08b9a8eb76d37d3267e707d0dcc17aed2e2ebdf5848c0c3ce95cf910a919935c1b10
  languageName: node
  linkType: hard

"color-convert@npm:^2.0.1":
  version: 2.0.1
  resolution: "color-convert@npm:2.0.1"
  dependencies:
    color-name: "npm:~1.1.4"
  checksum: 10c0/37e1150172f2e311fe1b2df62c6293a342ee7380da7b9cfdba67ea539909afbd74da27033208d01d6d5cfc65ee7868a22e18d7e7648e004425441c0f8a15a7d7
  languageName: node
  linkType: hard

"color-name@npm:~1.1.4":
  version: 1.1.4
  resolution: "color-name@npm:1.1.4"
  checksum: 10c0/a1a3f914156960902f46f7f56bc62effc6c94e84b2cae157a526b1c1f74b677a47ec602bf68a61abfa2b42d15b7c5651c6dbe72a43af720bc588dff885b10f95
  languageName: node
  linkType: hard

"cross-spawn@npm:^7.0.0":
  version: 7.0.6
  resolution: "cross-spawn@npm:7.0.6"
  dependencies:
    path-key: "npm:^3.1.0"
    shebang-command: "npm:^2.0.0"
    which: "npm:^2.0.1"
  checksum: 10c0/053ea8b2135caff68a9e81470e845613e374e7309a47731e81639de3eaeb90c3d01af0e0b44d2ab9d50b43467223b88567dfeb3262db942dc063b9976718ffc1
  languageName: node
  linkType: hard

"debug@npm:4, debug@npm:^4.3.4":
  version: 4.4.0
  resolution: "debug@npm:4.4.0"
  dependencies:
    ms: "npm:^2.1.3"
  peerDependenciesMeta:
    supports-color:
      optional: true
  checksum: 10c0/db94f1a182bf886f57b4755f85b3a74c39b5114b9377b7ab375dc2cfa3454f09490cc6c30f829df3fc8042bc8b8995f6567ce5cd96f3bc3688bd24027197d9de
  languageName: node
  linkType: hard

"dotenv@npm:^16.4.5":
  version: 16.4.7
  resolution: "dotenv@npm:16.4.7"
  checksum: 10c0/be9f597e36a8daf834452daa1f4cc30e5375a5968f98f46d89b16b983c567398a330580c88395069a77473943c06b877d1ca25b4afafcdd6d4adb549e8293462
  languageName: node
  linkType: hard

"eastasianwidth@npm:^0.2.0":
  version: 0.2.0
  resolution: "eastasianwidth@npm:0.2.0"
  checksum: 10c0/26f364ebcdb6395f95124fda411f63137a4bfb5d3a06453f7f23dfe52502905bd84e0488172e0f9ec295fdc45f05c23d5d91baf16bd26f0fe9acd777a188dc39
  languageName: node
  linkType: hard

"emoji-regex@npm:^8.0.0":
  version: 8.0.0
  resolution: "emoji-regex@npm:8.0.0"
  checksum: 10c0/b6053ad39951c4cf338f9092d7bfba448cdfd46fe6a2a034700b149ac9ffbc137e361cbd3c442297f86bed2e5f7576c1b54cc0a6bf8ef5106cc62f496af35010
  languageName: node
  linkType: hard

"emoji-regex@npm:^9.2.2":
  version: 9.2.2
  resolution: "emoji-regex@npm:9.2.2"
  checksum: 10c0/af014e759a72064cf66e6e694a7fc6b0ed3d8db680427b021a89727689671cefe9d04151b2cad51dbaf85d5ba790d061cd167f1cf32eb7b281f6368b3c181639
  languageName: node
  linkType: hard

"encoding@npm:^0.1.13":
  version: 0.1.13
  resolution: "encoding@npm:0.1.13"
  dependencies:
    iconv-lite: "npm:^0.6.2"
  checksum: 10c0/36d938712ff00fe1f4bac88b43bcffb5930c1efa57bbcdca9d67e1d9d6c57cfb1200fb01efe0f3109b2ce99b231f90779532814a81370a1bd3274a0f58585039
  languageName: node
  linkType: hard

"env-paths@npm:^2.2.0":
  version: 2.2.1
  resolution: "env-paths@npm:2.2.1"
  checksum: 10c0/285325677bf00e30845e330eec32894f5105529db97496ee3f598478e50f008c5352a41a30e5e72ec9de8a542b5a570b85699cd63bd2bc646dbcb9f311d83bc4
  languageName: node
  linkType: hard

"err-code@npm:^2.0.2":
  version: 2.0.3
  resolution: "err-code@npm:2.0.3"
  checksum: 10c0/b642f7b4dd4a376e954947550a3065a9ece6733ab8e51ad80db727aaae0817c2e99b02a97a3d6cecc648a97848305e728289cf312d09af395403a90c9d4d8a66
  languageName: node
  linkType: hard

"exponential-backoff@npm:^3.1.1":
  version: 3.1.2
  resolution: "exponential-backoff@npm:3.1.2"
  checksum: 10c0/d9d3e1eafa21b78464297df91f1776f7fbaa3d5e3f7f0995648ca5b89c069d17055033817348d9f4a43d1c20b0eab84f75af6991751e839df53e4dfd6f22e844
  languageName: node
  linkType: hard

"foreground-child@npm:^3.1.0":
  version: 3.3.0
  resolution: "foreground-child@npm:3.3.0"
  dependencies:
    cross-spawn: "npm:^7.0.0"
    signal-exit: "npm:^4.0.1"
  checksum: 10c0/028f1d41000553fcfa6c4bb5c372963bf3d9bf0b1f25a87d1a6253014343fb69dfb1b42d9625d7cf44c8ba429940f3d0ff718b62105d4d4a4f6ef8ca0a53faa2
  languageName: node
  linkType: hard

"fs-minipass@npm:^3.0.0":
  version: 3.0.3
  resolution: "fs-minipass@npm:3.0.3"
  dependencies:
    minipass: "npm:^7.0.3"
  checksum: 10c0/63e80da2ff9b621e2cb1596abcb9207f1cf82b968b116ccd7b959e3323144cce7fb141462200971c38bbf2ecca51695069db45265705bed09a7cd93ae5b89f94
  languageName: node
  linkType: hard

"fsevents@npm:2.3.3":
  version: 2.3.3
  resolution: "fsevents@npm:2.3.3"
  dependencies:
    node-gyp: "npm:latest"
  checksum: 10c0/a1f0c44595123ed717febbc478aa952e47adfc28e2092be66b8ab1635147254ca6cfe1df792a8997f22716d4cbafc73309899ff7bfac2ac3ad8cf2e4ecc3ec60
  conditions: os=darwin
  languageName: node
  linkType: hard

"fsevents@patch:fsevents@npm%3A2.3.3#optional!builtin<compat/fsevents>":
  version: 2.3.3
  resolution: "fsevents@patch:fsevents@npm%3A2.3.3#optional!builtin<compat/fsevents>::version=2.3.3&hash=df0bf1"
  dependencies:
    node-gyp: "npm:latest"
  conditions: os=darwin
  languageName: node
  linkType: hard

"glob@npm:^10.2.2, glob@npm:^10.3.10, glob@npm:^10.3.7":
  version: 10.4.5
  resolution: "glob@npm:10.4.5"
  dependencies:
    foreground-child: "npm:^3.1.0"
    jackspeak: "npm:^3.1.2"
    minimatch: "npm:^9.0.4"
    minipass: "npm:^7.1.2"
    package-json-from-dist: "npm:^1.0.0"
    path-scurry: "npm:^1.11.1"
  bin:
    glob: dist/esm/bin.mjs
  checksum: 10c0/19a9759ea77b8e3ca0a43c2f07ecddc2ad46216b786bb8f993c445aee80d345925a21e5280c7b7c6c59e860a0154b84e4b2b60321fea92cd3c56b4a7489f160e
  languageName: node
  linkType: hard

"graceful-fs@npm:^4.2.6":
  version: 4.2.11
  resolution: "graceful-fs@npm:4.2.11"
  checksum: 10c0/386d011a553e02bc594ac2ca0bd6d9e4c22d7fa8cfbfc448a6d148c59ea881b092db9dbe3547ae4b88e55f1b01f7c4a2ecc53b310c042793e63aa44cf6c257f2
  languageName: node
  linkType: hard

"http-cache-semantics@npm:^4.1.1":
  version: 4.1.1
  resolution: "http-cache-semantics@npm:4.1.1"
  checksum: 10c0/ce1319b8a382eb3cbb4a37c19f6bfe14e5bb5be3d09079e885e8c513ab2d3cd9214902f8a31c9dc4e37022633ceabfc2d697405deeaf1b8f3552bb4ed996fdfc
  languageName: node
  linkType: hard

"http-proxy-agent@npm:^7.0.0":
  version: 7.0.2
  resolution: "http-proxy-agent@npm:7.0.2"
  dependencies:
    agent-base: "npm:^7.1.0"
    debug: "npm:^4.3.4"
  checksum: 10c0/4207b06a4580fb85dd6dff521f0abf6db517489e70863dca1a0291daa7f2d3d2d6015a57bd702af068ea5cf9f1f6ff72314f5f5b4228d299c0904135d2aef921
  languageName: node
  linkType: hard

"https-proxy-agent@npm:^7.0.1":
  version: 7.0.6
  resolution: "https-proxy-agent@npm:7.0.6"
  dependencies:
    agent-base: "npm:^7.1.2"
    debug: "npm:4"
  checksum: 10c0/f729219bc735edb621fa30e6e84e60ee5d00802b8247aac0d7b79b0bd6d4b3294737a337b93b86a0bd9e68099d031858a39260c976dc14cdbba238ba1f8779ac
  languageName: node
  linkType: hard

"iconv-lite@npm:^0.6.2":
  version: 0.6.3
  resolution: "iconv-lite@npm:0.6.3"
  dependencies:
    safer-buffer: "npm:>= 2.1.2 < 3.0.0"
  checksum: 10c0/98102bc66b33fcf5ac044099d1257ba0b7ad5e3ccd3221f34dd508ab4070edff183276221684e1e0555b145fce0850c9f7d2b60a9fcac50fbb4ea0d6e845a3b1
  languageName: node
  linkType: hard

"ieee754@npm:^1.2.1":
  version: 1.2.1
  resolution: "ieee754@npm:1.2.1"
  checksum: 10c0/b0782ef5e0935b9f12883a2e2aa37baa75da6e66ce6515c168697b42160807d9330de9a32ec1ed73149aea02e0d822e572bca6f1e22bdcbd2149e13b050b17bb
  languageName: node
  linkType: hard

"imurmurhash@npm:^0.1.4":
  version: 0.1.4
  resolution: "imurmurhash@npm:0.1.4"
  checksum: 10c0/8b51313850dd33605c6c9d3fd9638b714f4c4c40250cff658209f30d40da60f78992fb2df5dabee4acf589a6a82bbc79ad5486550754bd9ec4e3fc0d4a57d6a6
  languageName: node
  linkType: hard

"inherits@npm:^2.0.1":
  version: 2.0.4
  resolution: "inherits@npm:2.0.4"
  checksum: 10c0/4e531f648b29039fb7426fb94075e6545faa1eb9fe83c29f0b6d9e7263aceb4289d2d4557db0d428188eeb449cc7c5e77b0a0b2c4e248ff2a65933a0dee49ef2
  languageName: node
  linkType: hard

"ip-address@npm:^9.0.5":
  version: 9.0.5
  resolution: "ip-address@npm:9.0.5"
  dependencies:
    jsbn: "npm:1.1.0"
    sprintf-js: "npm:^1.1.3"
  checksum: 10c0/331cd07fafcb3b24100613e4b53e1a2b4feab11e671e655d46dc09ee233da5011284d09ca40c4ecbdfe1d0004f462958675c224a804259f2f78d2465a87824bc
  languageName: node
  linkType: hard

"is-fullwidth-code-point@npm:^3.0.0":
  version: 3.0.0
  resolution: "is-fullwidth-code-point@npm:3.0.0"
  checksum: 10c0/bb11d825e049f38e04c06373a8d72782eee0205bda9d908cc550ccb3c59b99d750ff9537982e01733c1c94a58e35400661f57042158ff5e8f3e90cf936daf0fc
  languageName: node
  linkType: hard

"isexe@npm:^2.0.0":
  version: 2.0.0
  resolution: "isexe@npm:2.0.0"
  checksum: 10c0/228cfa503fadc2c31596ab06ed6aa82c9976eec2bfd83397e7eaf06d0ccf42cd1dfd6743bf9aeb01aebd4156d009994c5f76ea898d2832c1fe342da923ca457d
  languageName: node
  linkType: hard

"isexe@npm:^3.1.1":
  version: 3.1.1
  resolution: "isexe@npm:3.1.1"
  checksum: 10c0/9ec257654093443eb0a528a9c8cbba9c0ca7616ccb40abd6dde7202734d96bb86e4ac0d764f0f8cd965856aacbff2f4ce23e730dc19dfb41e3b0d865ca6fdcc7
  languageName: node
  linkType: hard

"jackspeak@npm:^3.1.2":
  version: 3.4.3
  resolution: "jackspeak@npm:3.4.3"
  dependencies:
    "@isaacs/cliui": "npm:^8.0.2"
    "@pkgjs/parseargs": "npm:^0.11.0"
  dependenciesMeta:
    "@pkgjs/parseargs":
      optional: true
  checksum: 10c0/6acc10d139eaefdbe04d2f679e6191b3abf073f111edf10b1de5302c97ec93fffeb2fdd8681ed17f16268aa9dd4f8c588ed9d1d3bffbbfa6e8bf897cbb3149b9
  languageName: node
  linkType: hard

"jsbn@npm:1.1.0":
  version: 1.1.0
  resolution: "jsbn@npm:1.1.0"
  checksum: 10c0/4f907fb78d7b712e11dea8c165fe0921f81a657d3443dde75359ed52eb2b5d33ce6773d97985a089f09a65edd80b11cb75c767b57ba47391fee4c969f7215c96
  languageName: node
  linkType: hard

"jsrsasign@npm:^11.1.0":
  version: 11.1.0
  resolution: "jsrsasign@npm:11.1.0"
  checksum: 10c0/a1c819d5da0eb00e1fdbb3cbbc360e0592f16726bab3f72aba51d3f660c9c486212112b3b4202eb5c233904f69c67821d91ed39ebd64ad4c3500e4dc085ca99c
  languageName: node
  linkType: hard

"lowdb@npm:^7.0.1":
  version: 7.0.1
  resolution: "lowdb@npm:7.0.1"
  dependencies:
    steno: "npm:^4.0.2"
  checksum: 10c0/d61f554d6a507419772b07c91982bb72a0d3976dddef83e1d58fb24ff9049398962ec2c1917b3a863aedb46559081e0cd208d032ff3c43b1d59f41be9f4f4022
  languageName: node
  linkType: hard

"lru-cache@npm:^10.0.1, lru-cache@npm:^10.2.0":
  version: 10.4.3
  resolution: "lru-cache@npm:10.4.3"
  checksum: 10c0/ebd04fbca961e6c1d6c0af3799adcc966a1babe798f685bb84e6599266599cd95d94630b10262f5424539bc4640107e8a33aa28585374abf561d30d16f4b39fb
  languageName: node
  linkType: hard

"make-fetch-happen@npm:^14.0.3":
  version: 14.0.3
  resolution: "make-fetch-happen@npm:14.0.3"
  dependencies:
    "@npmcli/agent": "npm:^3.0.0"
    cacache: "npm:^19.0.1"
    http-cache-semantics: "npm:^4.1.1"
    minipass: "npm:^7.0.2"
    minipass-fetch: "npm:^4.0.0"
    minipass-flush: "npm:^1.0.5"
    minipass-pipeline: "npm:^1.2.4"
    negotiator: "npm:^1.0.0"
    proc-log: "npm:^5.0.0"
    promise-retry: "npm:^2.0.1"
    ssri: "npm:^12.0.0"
  checksum: 10c0/c40efb5e5296e7feb8e37155bde8eb70bc57d731b1f7d90e35a092fde403d7697c56fb49334d92d330d6f1ca29a98142036d6480a12681133a0a1453164cb2f0
  languageName: node
  linkType: hard

"minimalistic-assert@npm:^1.0.0":
  version: 1.0.1
  resolution: "minimalistic-assert@npm:1.0.1"
  checksum: 10c0/96730e5601cd31457f81a296f521eb56036e6f69133c0b18c13fe941109d53ad23a4204d946a0d638d7f3099482a0cec8c9bb6d642604612ce43ee536be3dddd
  languageName: node
  linkType: hard

"minimatch@npm:^9.0.4":
  version: 9.0.5
  resolution: "minimatch@npm:9.0.5"
  dependencies:
    brace-expansion: "npm:^2.0.1"
  checksum: 10c0/de96cf5e35bdf0eab3e2c853522f98ffbe9a36c37797778d2665231ec1f20a9447a7e567cb640901f89e4daaa95ae5d70c65a9e8aa2bb0019b6facbc3c0575ed
  languageName: node
  linkType: hard

"minipass-collect@npm:^2.0.1":
  version: 2.0.1
  resolution: "minipass-collect@npm:2.0.1"
  dependencies:
    minipass: "npm:^7.0.3"
  checksum: 10c0/5167e73f62bb74cc5019594709c77e6a742051a647fe9499abf03c71dca75515b7959d67a764bdc4f8b361cf897fbf25e2d9869ee039203ed45240f48b9aa06e
  languageName: node
  linkType: hard

"minipass-fetch@npm:^4.0.0":
  version: 4.0.0
  resolution: "minipass-fetch@npm:4.0.0"
  dependencies:
    encoding: "npm:^0.1.13"
    minipass: "npm:^7.0.3"
    minipass-sized: "npm:^1.0.3"
    minizlib: "npm:^3.0.1"
  dependenciesMeta:
    encoding:
      optional: true
  checksum: 10c0/7fa30ce7c373fb6f94c086b374fff1589fd7e78451855d2d06c2e2d9df936d131e73e952163063016592ed3081444bd8d1ea608533313b0149156ce23311da4b
  languageName: node
  linkType: hard

"minipass-flush@npm:^1.0.5":
  version: 1.0.5
  resolution: "minipass-flush@npm:1.0.5"
  dependencies:
    minipass: "npm:^3.0.0"
  checksum: 10c0/2a51b63feb799d2bb34669205eee7c0eaf9dce01883261a5b77410c9408aa447e478efd191b4de6fc1101e796ff5892f8443ef20d9544385819093dbb32d36bd
  languageName: node
  linkType: hard

"minipass-pipeline@npm:^1.2.4":
  version: 1.2.4
  resolution: "minipass-pipeline@npm:1.2.4"
  dependencies:
    minipass: "npm:^3.0.0"
  checksum: 10c0/cbda57cea20b140b797505dc2cac71581a70b3247b84480c1fed5ca5ba46c25ecc25f68bfc9e6dcb1a6e9017dab5c7ada5eab73ad4f0a49d84e35093e0c643f2
  languageName: node
  linkType: hard

"minipass-sized@npm:^1.0.3":
  version: 1.0.3
  resolution: "minipass-sized@npm:1.0.3"
  dependencies:
    minipass: "npm:^3.0.0"
  checksum: 10c0/298f124753efdc745cfe0f2bdfdd81ba25b9f4e753ca4a2066eb17c821f25d48acea607dfc997633ee5bf7b6dfffb4eee4f2051eb168663f0b99fad2fa4829cb
  languageName: node
  linkType: hard

"minipass@npm:^3.0.0":
  version: 3.3.6
  resolution: "minipass@npm:3.3.6"
  dependencies:
    yallist: "npm:^4.0.0"
  checksum: 10c0/a114746943afa1dbbca8249e706d1d38b85ed1298b530f5808ce51f8e9e941962e2a5ad2e00eae7dd21d8a4aae6586a66d4216d1a259385e9d0358f0c1eba16c
  languageName: node
  linkType: hard

"minipass@npm:^5.0.0 || ^6.0.2 || ^7.0.0, minipass@npm:^7.0.2, minipass@npm:^7.0.3, minipass@npm:^7.0.4, minipass@npm:^7.1.2":
  version: 7.1.2
  resolution: "minipass@npm:7.1.2"
  checksum: 10c0/b0fd20bb9fb56e5fa9a8bfac539e8915ae07430a619e4b86ff71f5fc757ef3924b23b2c4230393af1eda647ed3d75739e4e0acb250a6b1eb277cf7f8fe449557
  languageName: node
  linkType: hard

"minizlib@npm:^3.0.1":
  version: 3.0.1
  resolution: "minizlib@npm:3.0.1"
  dependencies:
    minipass: "npm:^7.0.4"
    rimraf: "npm:^5.0.5"
  checksum: 10c0/82f8bf70da8af656909a8ee299d7ed3b3372636749d29e105f97f20e88971be31f5ed7642f2e898f00283b68b701cc01307401cdc209b0efc5dd3818220e5093
  languageName: node
  linkType: hard

"mkdirp@npm:^3.0.1":
  version: 3.0.1
  resolution: "mkdirp@npm:3.0.1"
  bin:
    mkdirp: dist/cjs/src/bin.js
  checksum: 10c0/9f2b975e9246351f5e3a40dcfac99fcd0baa31fbfab615fe059fb11e51f10e4803c63de1f384c54d656e4db31d000e4767e9ef076a22e12a641357602e31d57d
  languageName: node
  linkType: hard

"ms@npm:^2.1.3":
  version: 2.1.3
  resolution: "ms@npm:2.1.3"
  checksum: 10c0/d924b57e7312b3b63ad21fc5b3dc0af5e78d61a1fc7cfb5457edaf26326bf62be5307cc87ffb6862ef1c2b33b0233cdb5d4f01c4c958cc0d660948b65a287a48
  languageName: node
  linkType: hard

"negotiator@npm:^1.0.0":
  version: 1.0.0
  resolution: "negotiator@npm:1.0.0"
  checksum: 10c0/4c559dd52669ea48e1914f9d634227c561221dd54734070791f999c52ed0ff36e437b2e07d5c1f6e32909fc625fe46491c16e4a8f0572567d4dd15c3a4fda04b
  languageName: node
  linkType: hard

"node-forge@npm:^1.3.1":
  version: 1.3.1
  resolution: "node-forge@npm:1.3.1"
  checksum: 10c0/e882819b251a4321f9fc1d67c85d1501d3004b4ee889af822fd07f64de3d1a8e272ff00b689570af0465d65d6bf5074df9c76e900e0aff23e60b847f2a46fbe8
  languageName: node
  linkType: hard

"node-gyp@npm:latest":
  version: 11.1.0
  resolution: "node-gyp@npm:11.1.0"
  dependencies:
    env-paths: "npm:^2.2.0"
    exponential-backoff: "npm:^3.1.1"
    glob: "npm:^10.3.10"
    graceful-fs: "npm:^4.2.6"
    make-fetch-happen: "npm:^14.0.3"
    nopt: "npm:^8.0.0"
    proc-log: "npm:^5.0.0"
    semver: "npm:^7.3.5"
    tar: "npm:^7.4.3"
    which: "npm:^5.0.0"
  bin:
    node-gyp: bin/node-gyp.js
  checksum: 10c0/c38977ce502f1ea41ba2b8721bd5b49bc3d5b3f813eabfac8414082faf0620ccb5211e15c4daecc23ed9f5e3e9cc4da00e575a0bcfc2a95a069294f2afa1e0cd
  languageName: node
  linkType: hard

"node-rsa@npm:^1.1.1":
  version: 1.1.1
  resolution: "node-rsa@npm:1.1.1"
  dependencies:
    asn1: "npm:^0.2.4"
  checksum: 10c0/af3b6534844dfeaa8290a7bc20d5e4d1a134f05d456725e56d75b7661d4d63cd63914ce335ee8889adc2458112b996d4ba8a83ba105bde744a26e61d9160f639
  languageName: node
  linkType: hard

"nopt@npm:^8.0.0":
  version: 8.1.0
  resolution: "nopt@npm:8.1.0"
  dependencies:
    abbrev: "npm:^3.0.0"
  bin:
    nopt: bin/nopt.js
  checksum: 10c0/62e9ea70c7a3eb91d162d2c706b6606c041e4e7b547cbbb48f8b3695af457dd6479904d7ace600856bf923dd8d1ed0696f06195c8c20f02ac87c1da0e1d315ef
  languageName: node
  linkType: hard

"p-map@npm:^7.0.2":
  version: 7.0.3
  resolution: "p-map@npm:7.0.3"
  checksum: 10c0/46091610da2b38ce47bcd1d8b4835a6fa4e832848a6682cf1652bc93915770f4617afc844c10a77d1b3e56d2472bb2d5622353fa3ead01a7f42b04fc8e744a5c
  languageName: node
  linkType: hard

"package-json-from-dist@npm:^1.0.0":
  version: 1.0.1
  resolution: "package-json-from-dist@npm:1.0.1"
  checksum: 10c0/62ba2785eb655fec084a257af34dbe24292ab74516d6aecef97ef72d4897310bc6898f6c85b5cd22770eaa1ce60d55a0230e150fb6a966e3ecd6c511e23d164b
  languageName: node
  linkType: hard

"path-key@npm:^3.1.0":
  version: 3.1.1
  resolution: "path-key@npm:3.1.1"
  checksum: 10c0/748c43efd5a569c039d7a00a03b58eecd1d75f3999f5a28303d75f521288df4823bc057d8784eb72358b2895a05f29a070bc9f1f17d28226cc4e62494cc58c4c
  languageName: node
  linkType: hard

"path-scurry@npm:^1.11.1":
  version: 1.11.1
  resolution: "path-scurry@npm:1.11.1"
  dependencies:
    lru-cache: "npm:^10.2.0"
    minipass: "npm:^5.0.0 || ^6.0.2 || ^7.0.0"
  checksum: 10c0/32a13711a2a505616ae1cc1b5076801e453e7aae6ac40ab55b388bb91b9d0547a52f5aaceff710ea400205f18691120d4431e520afbe4266b836fadede15872d
  languageName: node
  linkType: hard

"pkijs@npm:^3.2.4":
  version: 3.2.4
  resolution: "pkijs@npm:3.2.4"
  dependencies:
    "@noble/hashes": "npm:^1.4.0"
    asn1js: "npm:^3.0.5"
    bytestreamjs: "npm:^2.0.0"
    pvtsutils: "npm:^1.3.2"
    pvutils: "npm:^1.1.3"
    tslib: "npm:^2.6.3"
  checksum: 10c0/8054024f14868d570cf7c68364221942c2654be6d4f13a0aff9dd26c1e865b2ae675d895dcefea277c8b2b8e1e7778a3bb2887f65cde07a5ea078921a04e9dc0
  languageName: node
  linkType: hard

"poseidon-lite@npm:^0.2.0":
  version: 0.2.1
  resolution: "poseidon-lite@npm:0.2.1"
  checksum: 10c0/b1da834c8e1e8db3d8d1e8bfcbac5b5b5abbd3aa65e0a80206f8dfa09c9e858b8bc8d5291596e03c8845505af7982c6c2574fe5b184ce256dc34de9ea325b466
  languageName: node
  linkType: hard

"prisma@npm:^5.18.0":
  version: 5.22.0
  resolution: "prisma@npm:5.22.0"
  dependencies:
    "@prisma/engines": "npm:5.22.0"
    fsevents: "npm:2.3.3"
  dependenciesMeta:
    fsevents:
      optional: true
  bin:
    prisma: build/index.js
  checksum: 10c0/63d1fe828394d1a1fabc0d29245ae35be53c1bdb26da4dbcfaf17fba3733c1c120b72f28b548dba47b2b80ff7fad670717be1316c1ea4bb12ebe1937415a1ddb
  languageName: node
  linkType: hard

"proc-log@npm:^5.0.0":
  version: 5.0.0
  resolution: "proc-log@npm:5.0.0"
  checksum: 10c0/bbe5edb944b0ad63387a1d5b1911ae93e05ce8d0f60de1035b218cdcceedfe39dbd2c697853355b70f1a090f8f58fe90da487c85216bf9671f9499d1a897e9e3
  languageName: node
  linkType: hard

"promise-retry@npm:^2.0.1":
  version: 2.0.1
  resolution: "promise-retry@npm:2.0.1"
  dependencies:
    err-code: "npm:^2.0.2"
    retry: "npm:^0.12.0"
  checksum: 10c0/9c7045a1a2928094b5b9b15336dcd2a7b1c052f674550df63cc3f36cd44028e5080448175b6f6ca32b642de81150f5e7b1a98b728f15cb069f2dd60ac2616b96
  languageName: node
  linkType: hard

"pvtsutils@npm:^1.3.2, pvtsutils@npm:^1.3.5, pvtsutils@npm:^1.3.6":
  version: 1.3.6
  resolution: "pvtsutils@npm:1.3.6"
  dependencies:
    tslib: "npm:^2.8.1"
  checksum: 10c0/b1b42646370505ccae536dcffa662303b2c553995211330c8e39dec9ab8c197585d7751c2c5b9ab2f186feda0219d9bb23c34ee1e565573be96450f79d89a13c
  languageName: node
  linkType: hard

"pvutils@npm:^1.1.3":
  version: 1.1.3
  resolution: "pvutils@npm:1.1.3"
  checksum: 10c0/23489e6b3c76b6afb6964a20f891d6bef092939f401c78bba186b2bfcdc7a13904a0af0a78f7933346510f8c1228d5ab02d3c80e968fd84d3c76ff98d8ec9aac
  languageName: node
  linkType: hard

"reflect-metadata@npm:^0.2.2":
  version: 0.2.2
  resolution: "reflect-metadata@npm:0.2.2"
  checksum: 10c0/1cd93a15ea291e420204955544637c264c216e7aac527470e393d54b4bb075f10a17e60d8168ec96600c7e0b9fcc0cb0bb6e91c3fbf5b0d8c9056f04e6ac1ec2
  languageName: node
  linkType: hard

"retry@npm:^0.12.0":
  version: 0.12.0
  resolution: "retry@npm:0.12.0"
  checksum: 10c0/59933e8501727ba13ad73ef4a04d5280b3717fd650408460c987392efe9d7be2040778ed8ebe933c5cbd63da3dcc37919c141ef8af0a54a6e4fca5a2af177bfe
  languageName: node
  linkType: hard

"rimraf@npm:^5.0.5":
  version: 5.0.10
  resolution: "rimraf@npm:5.0.10"
  dependencies:
    glob: "npm:^10.3.7"
  bin:
    rimraf: dist/esm/bin.mjs
  checksum: 10c0/7da4fd0e15118ee05b918359462cfa1e7fe4b1228c7765195a45b55576e8c15b95db513b8466ec89129666f4af45ad978a3057a02139afba1a63512a2d9644cc
  languageName: node
  linkType: hard

"root-workspace-0b6124@workspace:.":
  version: 0.0.0-use.local
  resolution: "root-workspace-0b6124@workspace:."
  dependencies:
    "@openpassport/zk-kit-imt": "npm:^0.0.5"
    "@openpassport/zk-kit-lean-imt": "npm:^0.0.6"
    "@openpassport/zk-kit-smt": "npm:^0.0.1"
    "@peculiar/asn1-schema": "npm:^2.3.13"
    "@peculiar/asn1-x509": "npm:^2.3.13"
    "@peculiar/x509": "npm:^1.11.0"
    "@prisma/client": "npm:^5.19.0"
    "@types/node": "npm:^20.11.20"
    asn1: "npm:^0.2.6"
    asn1.js: "npm:^5.4.1"
    asn1js: "npm:^3.0.5"
    dotenv: "npm:^16.4.5"
    jsrsasign: "npm:^11.1.0"
    lowdb: "npm:^7.0.1"
    node-forge: "npm:^1.3.1"
    node-rsa: "npm:^1.1.1"
    pkijs: "npm:^3.2.4"
    poseidon-lite: "npm:^0.2.0"
    prisma: "npm:^5.18.0"
    x509-ts: "npm:^0.13.0"
  languageName: unknown
  linkType: soft

"safer-buffer@npm:>= 2.1.2 < 3.0.0, safer-buffer@npm:^2.1.0, safer-buffer@npm:~2.1.0":
  version: 2.1.2
  resolution: "safer-buffer@npm:2.1.2"
  checksum: 10c0/7e3c8b2e88a1841c9671094bbaeebd94448111dd90a81a1f606f3f67708a6ec57763b3b47f06da09fc6054193e0e6709e77325415dc8422b04497a8070fa02d4
  languageName: node
  linkType: hard

"semver@npm:^7.3.5":
  version: 7.7.1
  resolution: "semver@npm:7.7.1"
  bin:
    semver: bin/semver.js
  checksum: 10c0/fd603a6fb9c399c6054015433051bdbe7b99a940a8fb44b85c2b524c4004b023d7928d47cb22154f8d054ea7ee8597f586605e05b52047f048278e4ac56ae958
  languageName: node
  linkType: hard

"shebang-command@npm:^2.0.0":
  version: 2.0.0
  resolution: "shebang-command@npm:2.0.0"
  dependencies:
    shebang-regex: "npm:^3.0.0"
  checksum: 10c0/a41692e7d89a553ef21d324a5cceb5f686d1f3c040759c50aab69688634688c5c327f26f3ecf7001ebfd78c01f3c7c0a11a7c8bfd0a8bc9f6240d4f40b224e4e
  languageName: node
  linkType: hard

"shebang-regex@npm:^3.0.0":
  version: 3.0.0
  resolution: "shebang-regex@npm:3.0.0"
  checksum: 10c0/1dbed0726dd0e1152a92696c76c7f06084eb32a90f0528d11acd764043aacf76994b2fb30aa1291a21bd019d6699164d048286309a278855ee7bec06cf6fb690
  languageName: node
  linkType: hard

"signal-exit@npm:^4.0.1":
  version: 4.1.0
  resolution: "signal-exit@npm:4.1.0"
  checksum: 10c0/41602dce540e46d599edba9d9860193398d135f7ff72cab629db5171516cfae628d21e7bfccde1bbfdf11c48726bc2a6d1a8fb8701125852fbfda7cf19c6aa83
  languageName: node
  linkType: hard

"smart-buffer@npm:^4.2.0":
  version: 4.2.0
  resolution: "smart-buffer@npm:4.2.0"
  checksum: 10c0/a16775323e1404dd43fabafe7460be13a471e021637bc7889468eb45ce6a6b207261f454e4e530a19500cc962c4cc5348583520843b363f4193cee5c00e1e539
  languageName: node
  linkType: hard

"socks-proxy-agent@npm:^8.0.3":
  version: 8.0.5
  resolution: "socks-proxy-agent@npm:8.0.5"
  dependencies:
    agent-base: "npm:^7.1.2"
    debug: "npm:^4.3.4"
    socks: "npm:^2.8.3"
  checksum: 10c0/5d2c6cecba6821389aabf18728325730504bf9bb1d9e342e7987a5d13badd7a98838cc9a55b8ed3cb866ad37cc23e1086f09c4d72d93105ce9dfe76330e9d2a6
  languageName: node
  linkType: hard

"socks@npm:^2.8.3":
  version: 2.8.4
  resolution: "socks@npm:2.8.4"
  dependencies:
    ip-address: "npm:^9.0.5"
    smart-buffer: "npm:^4.2.0"
  checksum: 10c0/00c3271e233ccf1fb83a3dd2060b94cc37817e0f797a93c560b9a7a86c4a0ec2961fb31263bdd24a3c28945e24868b5f063cd98744171d9e942c513454b50ae5
  languageName: node
  linkType: hard

"sprintf-js@npm:^1.1.3":
  version: 1.1.3
  resolution: "sprintf-js@npm:1.1.3"
  checksum: 10c0/09270dc4f30d479e666aee820eacd9e464215cdff53848b443964202bf4051490538e5dd1b42e1a65cf7296916ca17640aebf63dae9812749c7542ee5f288dec
  languageName: node
  linkType: hard

"ssri@npm:^12.0.0":
  version: 12.0.0
  resolution: "ssri@npm:12.0.0"
  dependencies:
    minipass: "npm:^7.0.3"
  checksum: 10c0/caddd5f544b2006e88fa6b0124d8d7b28208b83c72d7672d5ade44d794525d23b540f3396108c4eb9280dcb7c01f0bef50682f5b4b2c34291f7c5e211fd1417d
  languageName: node
  linkType: hard

"steno@npm:^4.0.2":
  version: 4.0.2
  resolution: "steno@npm:4.0.2"
  checksum: 10c0/fda6bb192bb73ce9453586080aae3fc75506e1c10c9285df49849a016bb9378c6146610f27976708437a6c5492619ec09efb9def6d5397624ae0ad70e57ccaf1
  languageName: node
  linkType: hard

"string-width-cjs@npm:string-width@^4.2.0, string-width@npm:^4.1.0":
  version: 4.2.3
  resolution: "string-width@npm:4.2.3"
  dependencies:
    emoji-regex: "npm:^8.0.0"
    is-fullwidth-code-point: "npm:^3.0.0"
    strip-ansi: "npm:^6.0.1"
  checksum: 10c0/1e525e92e5eae0afd7454086eed9c818ee84374bb80328fc41217ae72ff5f065ef1c9d7f72da41de40c75fa8bb3dee63d92373fd492c84260a552c636392a47b
  languageName: node
  linkType: hard

"string-width@npm:^5.0.1, string-width@npm:^5.1.2":
  version: 5.1.2
  resolution: "string-width@npm:5.1.2"
  dependencies:
    eastasianwidth: "npm:^0.2.0"
    emoji-regex: "npm:^9.2.2"
    strip-ansi: "npm:^7.0.1"
  checksum: 10c0/ab9c4264443d35b8b923cbdd513a089a60de339216d3b0ed3be3ba57d6880e1a192b70ae17225f764d7adbf5994e9bb8df253a944736c15a0240eff553c678ca
  languageName: node
  linkType: hard

"strip-ansi-cjs@npm:strip-ansi@^6.0.1, strip-ansi@npm:^6.0.0, strip-ansi@npm:^6.0.1":
  version: 6.0.1
  resolution: "strip-ansi@npm:6.0.1"
  dependencies:
    ansi-regex: "npm:^5.0.1"
  checksum: 10c0/1ae5f212a126fe5b167707f716942490e3933085a5ff6c008ab97ab2f272c8025d3aa218b7bd6ab25729ca20cc81cddb252102f8751e13482a5199e873680952
  languageName: node
  linkType: hard

"strip-ansi@npm:^7.0.1":
  version: 7.1.0
  resolution: "strip-ansi@npm:7.1.0"
  dependencies:
    ansi-regex: "npm:^6.0.1"
  checksum: 10c0/a198c3762e8832505328cbf9e8c8381de14a4fa50a4f9b2160138158ea88c0f5549fb50cb13c651c3088f47e63a108b34622ec18c0499b6c8c3a5ddf6b305ac4
  languageName: node
  linkType: hard

"tar@npm:^7.4.3":
  version: 7.4.3
  resolution: "tar@npm:7.4.3"
  dependencies:
    "@isaacs/fs-minipass": "npm:^4.0.0"
    chownr: "npm:^3.0.0"
    minipass: "npm:^7.1.2"
    minizlib: "npm:^3.0.1"
    mkdirp: "npm:^3.0.1"
    yallist: "npm:^5.0.0"
  checksum: 10c0/d4679609bb2a9b48eeaf84632b6d844128d2412b95b6de07d53d8ee8baf4ca0857c9331dfa510390a0727b550fd543d4d1a10995ad86cdf078423fbb8d99831d
  languageName: node
  linkType: hard

"tslib@npm:^1.9.3":
  version: 1.14.1
  resolution: "tslib@npm:1.14.1"
  checksum: 10c0/69ae09c49eea644bc5ebe1bca4fa4cc2c82b7b3e02f43b84bd891504edf66dbc6b2ec0eef31a957042de2269139e4acff911e6d186a258fb14069cd7f6febce2
  languageName: node
  linkType: hard

"tslib@npm:^2.4.0, tslib@npm:^2.6.3, tslib@npm:^2.7.0, tslib@npm:^2.8.1":
  version: 2.8.1
  resolution: "tslib@npm:2.8.1"
  checksum: 10c0/9c4759110a19c53f992d9aae23aac5ced636e99887b51b9e61def52611732872ff7668757d4e4c61f19691e36f4da981cd9485e869b4a7408d689f6bf1f14e62
  languageName: node
  linkType: hard

"tsyringe@npm:^4.8.0":
  version: 4.8.0
  resolution: "tsyringe@npm:4.8.0"
  dependencies:
    tslib: "npm:^1.9.3"
  checksum: 10c0/e13810e8ff39c4093acd0649bc5db3c164825827631e1522cd9d5ca8694a018447fa1c24f059ea54e93b1020767b1131b9dc9ce598dabfc9aa41c11544bbfe19
  languageName: node
  linkType: hard

"undici-types@npm:~6.19.2":
  version: 6.19.8
  resolution: "undici-types@npm:6.19.8"
  checksum: 10c0/078afa5990fba110f6824823ace86073b4638f1d5112ee26e790155f481f2a868cc3e0615505b6f4282bdf74a3d8caad715fd809e870c2bb0704e3ea6082f344
  languageName: node
  linkType: hard

"unique-filename@npm:^4.0.0":
  version: 4.0.0
  resolution: "unique-filename@npm:4.0.0"
  dependencies:
    unique-slug: "npm:^5.0.0"
  checksum: 10c0/38ae681cceb1408ea0587b6b01e29b00eee3c84baee1e41fd5c16b9ed443b80fba90c40e0ba69627e30855570a34ba8b06702d4a35035d4b5e198bf5a64c9ddc
  languageName: node
  linkType: hard

"unique-slug@npm:^5.0.0":
  version: 5.0.0
  resolution: "unique-slug@npm:5.0.0"
  dependencies:
    imurmurhash: "npm:^0.1.4"
  checksum: 10c0/d324c5a44887bd7e105ce800fcf7533d43f29c48757ac410afd42975de82cc38ea2035c0483f4de82d186691bf3208ef35c644f73aa2b1b20b8e651be5afd293
  languageName: node
  linkType: hard

"which@npm:^2.0.1":
  version: 2.0.2
  resolution: "which@npm:2.0.2"
  dependencies:
    isexe: "npm:^2.0.0"
  bin:
    node-which: ./bin/node-which
  checksum: 10c0/66522872a768b60c2a65a57e8ad184e5372f5b6a9ca6d5f033d4b0dc98aff63995655a7503b9c0a2598936f532120e81dd8cc155e2e92ed662a2b9377cc4374f
  languageName: node
  linkType: hard

"which@npm:^5.0.0":
  version: 5.0.0
  resolution: "which@npm:5.0.0"
  dependencies:
    isexe: "npm:^3.1.1"
  bin:
    node-which: bin/which.js
  checksum: 10c0/e556e4cd8b7dbf5df52408c9a9dd5ac6518c8c5267c8953f5b0564073c66ed5bf9503b14d876d0e9c7844d4db9725fb0dcf45d6e911e17e26ab363dc3965ae7b
  languageName: node
  linkType: hard

"wrap-ansi-cjs@npm:wrap-ansi@^7.0.0":
  version: 7.0.0
  resolution: "wrap-ansi@npm:7.0.0"
  dependencies:
    ansi-styles: "npm:^4.0.0"
    string-width: "npm:^4.1.0"
    strip-ansi: "npm:^6.0.0"
  checksum: 10c0/d15fc12c11e4cbc4044a552129ebc75ee3f57aa9c1958373a4db0292d72282f54373b536103987a4a7594db1ef6a4f10acf92978f79b98c49306a4b58c77d4da
  languageName: node
  linkType: hard

"wrap-ansi@npm:^8.1.0":
  version: 8.1.0
  resolution: "wrap-ansi@npm:8.1.0"
  dependencies:
    ansi-styles: "npm:^6.1.0"
    string-width: "npm:^5.0.1"
    strip-ansi: "npm:^7.0.1"
  checksum: 10c0/138ff58a41d2f877eae87e3282c0630fc2789012fc1af4d6bd626eeb9a2f9a65ca92005e6e69a75c7b85a68479fe7443c7dbe1eb8fbaa681a4491364b7c55c60
  languageName: node
  linkType: hard

"x509-ts@npm:^0.13.0":
  version: 0.13.0
  resolution: "x509-ts@npm:0.13.0"
  dependencies:
    asn1-ts: "npm:^2.0.0"
  checksum: 10c0/0d9ef45147fdb0d957f80d01ca076554014600e5a3ac7afad35a9b5ee62f82ad0aa2a1895ef15cfca2ec736c15e80e5f779678888335eebb5f1dfc561103d778
  languageName: node
  linkType: hard

"yallist@npm:^4.0.0":
  version: 4.0.0
  resolution: "yallist@npm:4.0.0"
  checksum: 10c0/2286b5e8dbfe22204ab66e2ef5cc9bbb1e55dfc873bbe0d568aa943eb255d131890dfd5bf243637273d31119b870f49c18fcde2c6ffbb7a7a092b870dc90625a
  languageName: node
  linkType: hard

"yallist@npm:^5.0.0":
  version: 5.0.0
  resolution: "yallist@npm:5.0.0"
  checksum: 10c0/a499c81ce6d4a1d260d4ea0f6d49ab4da09681e32c3f0472dee16667ed69d01dae63a3b81745a24bd78476ec4fcf856114cb4896ace738e01da34b2c42235416
  languageName: node
  linkType: hard
