# THIS IS AN AUTOGENERATED FILE. DO NOT EDIT THIS FILE DIRECTLY.
# yarn lockfile v1


"@noble/hashes@^1.4.0":
  version "1.4.0"
  resolved "https://registry.yarnpkg.com/@noble/hashes/-/hashes-1.4.0.tgz#45814aa329f30e4fe0ba49426f49dfccdd066426"
  integrity sha512-V1JJ1WTRUqHHrOSh597hURcMqVKVGL/ea3kv0gSnEdsEZ0/+VyPghM1lMNGc00z7CIQorSvbKpuJkxvuHbvdbg==

"@peculiar/asn1-cms@^2.3.13", "@peculiar/asn1-cms@^2.3.8":
  version "2.3.13"
  resolved "https://registry.yarnpkg.com/@peculiar/asn1-cms/-/asn1-cms-2.3.13.tgz#34415f558c16f0a0bc7ac6df31230325a4eb3e59"
  integrity sha512-joqu8A7KR2G85oLPq+vB+NFr2ro7Ls4ol13Zcse/giPSzUNN0n2k3v8kMpf6QdGUhI13e5SzQYN8AKP8sJ8v4w==
  dependencies:
    "@peculiar/asn1-schema" "^2.3.13"
    "@peculiar/asn1-x509" "^2.3.13"
    "@peculiar/asn1-x509-attr" "^2.3.13"
    asn1js "^3.0.5"
    tslib "^2.6.2"

"@peculiar/asn1-csr@^2.3.8":
  version "2.3.13"
  resolved "https://registry.yarnpkg.com/@peculiar/asn1-csr/-/asn1-csr-2.3.13.tgz#0a40e2dead26d5bfff636a64147998f7ae2b8c4b"
  integrity sha512-+JtFsOUWCw4zDpxp1LbeTYBnZLlGVOWmHHEhoFdjM5yn4wCn+JiYQ8mghOi36M2f6TPQ17PmhNL6/JfNh7/jCA==
  dependencies:
    "@peculiar/asn1-schema" "^2.3.13"
    "@peculiar/asn1-x509" "^2.3.13"
    asn1js "^3.0.5"
    tslib "^2.6.2"

"@peculiar/asn1-ecc@^2.3.8":
  version "2.3.13"
  resolved "https://registry.yarnpkg.com/@peculiar/asn1-ecc/-/asn1-ecc-2.3.13.tgz#0b1f526159c87bef71102da97921773b64172c52"
  integrity sha512-3dF2pQcrN/WJEMq+9qWLQ0gqtn1G81J4rYqFl6El6QV367b4IuhcRv+yMA84tNNyHOJn9anLXV5radnpPiG3iA==
  dependencies:
    "@peculiar/asn1-schema" "^2.3.13"
    "@peculiar/asn1-x509" "^2.3.13"
    asn1js "^3.0.5"
    tslib "^2.6.2"

"@peculiar/asn1-pfx@^2.3.13":
  version "2.3.13"
  resolved "https://registry.yarnpkg.com/@peculiar/asn1-pfx/-/asn1-pfx-2.3.13.tgz#85cfe93a819bb91aa33a881351fed3171c0b8778"
  integrity sha512-fypYxjn16BW+5XbFoY11Rm8LhZf6euqX/C7BTYpqVvLem1GvRl7A+Ro1bO/UPwJL0z+1mbvXEnkG0YOwbwz2LA==
  dependencies:
    "@peculiar/asn1-cms" "^2.3.13"
    "@peculiar/asn1-pkcs8" "^2.3.13"
    "@peculiar/asn1-rsa" "^2.3.13"
    "@peculiar/asn1-schema" "^2.3.13"
    asn1js "^3.0.5"
    tslib "^2.6.2"

"@peculiar/asn1-pkcs8@^2.3.13":
  version "2.3.13"
  resolved "https://registry.yarnpkg.com/@peculiar/asn1-pkcs8/-/asn1-pkcs8-2.3.13.tgz#eefe42766ebd3dabfc6b14d942d0d5799ee9f04c"
  integrity sha512-VP3PQzbeSSjPjKET5K37pxyf2qCdM0dz3DJ56ZCsol3FqAXGekb4sDcpoL9uTLGxAh975WcdvUms9UcdZTuGyQ==
  dependencies:
    "@peculiar/asn1-schema" "^2.3.13"
    "@peculiar/asn1-x509" "^2.3.13"
    asn1js "^3.0.5"
    tslib "^2.6.2"

"@peculiar/asn1-pkcs9@^2.3.8":
  version "2.3.13"
  resolved "https://registry.yarnpkg.com/@peculiar/asn1-pkcs9/-/asn1-pkcs9-2.3.13.tgz#5896caeb73d201cc0987908ed685ad3d1eadd2c4"
  integrity sha512-rIwQXmHpTo/dgPiWqUgby8Fnq6p1xTJbRMxCiMCk833kQCeZrC5lbSKg6NDnJTnX2kC6IbXBB9yCS2C73U2gJg==
  dependencies:
    "@peculiar/asn1-cms" "^2.3.13"
    "@peculiar/asn1-pfx" "^2.3.13"
    "@peculiar/asn1-pkcs8" "^2.3.13"
    "@peculiar/asn1-schema" "^2.3.13"
    "@peculiar/asn1-x509" "^2.3.13"
    "@peculiar/asn1-x509-attr" "^2.3.13"
    asn1js "^3.0.5"
    tslib "^2.6.2"

"@peculiar/asn1-rsa@^2.3.13", "@peculiar/asn1-rsa@^2.3.8":
  version "2.3.13"
  resolved "https://registry.yarnpkg.com/@peculiar/asn1-rsa/-/asn1-rsa-2.3.13.tgz#e9630a2a976bde5dfaca969906f684dffce13039"
  integrity sha512-wBNQqCyRtmqvXkGkL4DR3WxZhHy8fDiYtOjTeCd7SFE5F6GBeafw3EJ94PX/V0OJJrjQ40SkRY2IZu3ZSyBqcg==
  dependencies:
    "@peculiar/asn1-schema" "^2.3.13"
    "@peculiar/asn1-x509" "^2.3.13"
    asn1js "^3.0.5"
    tslib "^2.6.2"

"@peculiar/asn1-schema@^2.3.13", "@peculiar/asn1-schema@^2.3.8":
  version "2.3.13"
  resolved "https://registry.yarnpkg.com/@peculiar/asn1-schema/-/asn1-schema-2.3.13.tgz#ec8509cdcbc0da3abe73fd7e690556b57a61b8f4"
  integrity sha512-3Xq3a01WkHRZL8X04Zsfg//mGaA21xlL4tlVn4v2xGT0JStiztATRkMwa5b+f/HXmY2smsiLXYK46Gwgzvfg3g==
  dependencies:
    asn1js "^3.0.5"
    pvtsutils "^1.3.5"
    tslib "^2.6.2"

"@peculiar/asn1-x509-attr@^2.3.13":
  version "2.3.13"
  resolved "https://registry.yarnpkg.com/@peculiar/asn1-x509-attr/-/asn1-x509-attr-2.3.13.tgz#627bf93af7c76ed8b0718e768f8616b97d42e271"
  integrity sha512-WpEos6CcnUzJ6o2Qb68Z7Dz5rSjRGv/DtXITCNBtjZIRWRV12yFVci76SVfOX8sisL61QWMhpLKQibrG8pi2Pw==
  dependencies:
    "@peculiar/asn1-schema" "^2.3.13"
    "@peculiar/asn1-x509" "^2.3.13"
    asn1js "^3.0.5"
    tslib "^2.6.2"

"@peculiar/asn1-x509@^2.3.13", "@peculiar/asn1-x509@^2.3.8":
  version "2.3.13"
  resolved "https://registry.yarnpkg.com/@peculiar/asn1-x509/-/asn1-x509-2.3.13.tgz#3616fb879b61f1f161a61660ca92f6fe4107af7a"
  integrity sha512-PfeLQl2skXmxX2/AFFCVaWU8U6FKW1Db43mgBhShCOFS1bVxqtvusq1hVjfuEcuSQGedrLdCSvTgabluwN/M9A==
  dependencies:
    "@peculiar/asn1-schema" "^2.3.13"
    asn1js "^3.0.5"
    ipaddr.js "^2.1.0"
    pvtsutils "^1.3.5"
    tslib "^2.6.2"

"@peculiar/x509@^1.11.0":
  version "1.11.0"
  resolved "https://registry.yarnpkg.com/@peculiar/x509/-/x509-1.11.0.tgz#a60d2576c6496ef9839c0de148e4c75c905a127d"
  integrity sha512-8rdxE//tsWLb2Yo2TYO2P8gieStbrHK/huFMV5PPfwX8I5HmtOus+Ox6nTKrPA9o+WOPaa5xKenee+QdmHBd5g==
  dependencies:
    "@peculiar/asn1-cms" "^2.3.8"
    "@peculiar/asn1-csr" "^2.3.8"
    "@peculiar/asn1-ecc" "^2.3.8"
    "@peculiar/asn1-pkcs9" "^2.3.8"
    "@peculiar/asn1-rsa" "^2.3.8"
    "@peculiar/asn1-schema" "^2.3.8"
    "@peculiar/asn1-x509" "^2.3.8"
    pvtsutils "^1.3.5"
    reflect-metadata "^0.2.2"
    tslib "^2.6.2"
    tsyringe "^4.8.0"

"@types/node@^20.11.20":
  version "20.11.20"
  resolved "https://registry.npmjs.org/@types/node/-/node-20.11.20.tgz"
  integrity sha512-7/rR21OS+fq8IyHTgtLkDK949uzsa6n8BkziAKtPVpugIkO6D+/ooXMvzXxDnZrmtXVfjb1bKQafYpb8s89LOg==
  dependencies:
    undici-types "~5.26.4"

"@zk-kit/imt@https://gitpkg.now.sh/0xturboblitz/zk-kit/packages/imt?6d417675":
  version "2.0.0-beta.1"
  resolved "https://gitpkg.now.sh/0xturboblitz/zk-kit/packages/imt?6d417675#38244ea6eef75dc1ad7fff3ff2a22dd5f1a2593a"

asn1.js@^5.4.1:
  version "5.4.1"
  resolved "https://registry.yarnpkg.com/asn1.js/-/asn1.js-5.4.1.tgz#11a980b84ebb91781ce35b0fdc2ee294e3783f07"
  integrity sha512-+I//4cYPccV8LdmBLiX8CYvf9Sp3vQsrqu2QNXRcrbiWvcx/UdlFiqUJJzxRQxgsZmvhXhn4cSKeSmoFjVdupA==
  dependencies:
    bn.js "^4.0.0"
    inherits "^2.0.1"
    minimalistic-assert "^1.0.0"
    safer-buffer "^2.1.0"

asn1@^0.2.4, asn1@^0.2.6:
  version "0.2.6"
  resolved "https://registry.yarnpkg.com/asn1/-/asn1-0.2.6.tgz#0d3a7bb6e64e02a90c0303b31f292868ea09a08d"
  integrity sha512-ix/FxPn0MDjeyJ7i/yoHGFt/EX6LyNbxSEhPPXODPL+KB0VPk86UYfL0lMdy+KCnv+fmvIzySwaK5COwqVbWTQ==
  dependencies:
    safer-buffer "~2.1.0"

asn1js@^3.0.5:
  version "3.0.5"
  resolved "https://registry.yarnpkg.com/asn1js/-/asn1js-3.0.5.tgz#5ea36820443dbefb51cc7f88a2ebb5b462114f38"
  integrity sha512-FVnvrKJwpt9LP2lAMl8qZswRNm3T4q9CON+bxldk2iwk3FFpuwhx2FfinyitizWHsVYyaY+y5JzDR0rCMV5yTQ==
  dependencies:
    pvtsutils "^1.3.2"
    pvutils "^1.1.3"
    tslib "^2.4.0"

bn.js@^4.0.0:
  version "4.12.0"
  resolved "https://registry.yarnpkg.com/bn.js/-/bn.js-4.12.0.tgz#775b3f278efbb9718eec7361f483fb36fbbfea88"
  integrity sha512-c98Bf3tPniI+scsdk237ku1Dc3ujXQTSgyiPUDEOe7tRkhrqridvh8klBv0HCEso1OLOYcHuCv/cS6DNxKH+ZA==

bytestreamjs@^2.0.0:
  version "2.0.1"
  resolved "https://registry.yarnpkg.com/bytestreamjs/-/bytestreamjs-2.0.1.tgz#a32947c7ce389a6fa11a09a9a563d0a45889535e"
  integrity sha512-U1Z/ob71V/bXfVABvNr/Kumf5VyeQRBEm6Txb0PQ6S7V5GpBM3w4Cbqz/xPDicR5tN0uvDifng8C+5qECeGwyQ==

inherits@^2.0.1:
  version "2.0.4"
  resolved "https://registry.yarnpkg.com/inherits/-/inherits-2.0.4.tgz#0fa2c64f932917c3433a0ded55363aae37416b7c"
  integrity sha512-k/vGaX4/Yla3WzyMCvTQOXYeIHvqOKtnqBduzTHpzpQZzAskKMhZ2K+EnBiSM9zGSoIFeMpXKxa4dYeZIQqewQ==

ipaddr.js@^2.1.0:
  version "2.2.0"
  resolved "https://registry.yarnpkg.com/ipaddr.js/-/ipaddr.js-2.2.0.tgz#d33fa7bac284f4de7af949638c9d68157c6b92e8"
  integrity sha512-Ag3wB2o37wslZS19hZqorUnrnzSkpOVy+IiiDEiTqNubEYpYuHWIf6K4psgN2ZWKExS4xhVCrRVfb/wfW8fWJA==

jsrsasign@^11.1.0:
  version "11.1.0"
  resolved "https://registry.yarnpkg.com/jsrsasign/-/jsrsasign-11.1.0.tgz#195e788102731102fbf3e36b33fde28936f4bf57"
  integrity sha512-Ov74K9GihaK9/9WncTe1mPmvrO7Py665TUfUKvraXBpu+xcTWitrtuOwcjf4KMU9maPaYn0OuaWy0HOzy/GBXg==

lowdb@^7.0.1:
  version "7.0.1"
  resolved "https://registry.yarnpkg.com/lowdb/-/lowdb-7.0.1.tgz#7354a684547d76206b1c730b9434604235b125e5"
  integrity sha512-neJAj8GwF0e8EpycYIDFqEPcx9Qz4GUho20jWFR7YiFeXzF1YMLdxB36PypcTSPMA+4+LvgyMacYhlr18Zlymw==
  dependencies:
    steno "^4.0.2"

minimalistic-assert@^1.0.0:
  version "1.0.1"
  resolved "https://registry.yarnpkg.com/minimalistic-assert/-/minimalistic-assert-1.0.1.tgz#2e194de044626d4a10e7f7fbc00ce73e83e4d5c7"
  integrity sha512-UtJcAD4yEaGtjPezWuO9wC4nwUnVH/8/Im3yEHQP4b67cXlD/Qr9hdITCU1xDbSEXg2XKNaP8jsReV7vQd00/A==

node-forge@^1.3.1:
  version "1.3.1"
  resolved "https://registry.yarnpkg.com/node-forge/-/node-forge-1.3.1.tgz#be8da2af243b2417d5f646a770663a92b7e9ded3"
  integrity sha512-dPEtOeMvF9VMcYV/1Wb8CPoVAXtp6MKMlcbAt4ddqmGqUJ6fQZFXkNZNkNlfevtNkGtaSoXf/vNNNSvgrdXwtA==

node-rsa@^1.1.1:
  version "1.1.1"
  resolved "https://registry.yarnpkg.com/node-rsa/-/node-rsa-1.1.1.tgz#efd9ad382097782f506153398496f79e4464434d"
  integrity sha512-Jd4cvbJMryN21r5HgxQOpMEqv+ooke/korixNNK3mGqfGJmy0M77WDDzo/05969+OkMy3XW1UuZsSmW9KQm7Fw==
  dependencies:
    asn1 "^0.2.4"

pkijs@^3.2.4:
  version "3.2.4"
  resolved "https://registry.yarnpkg.com/pkijs/-/pkijs-3.2.4.tgz#55ed72b363a20fbd42b139ee3b72e54483635171"
  integrity sha512-Et9V5QpvBilPFgagJcaKBqXjKrrgF5JL2mSDELk1vvbOTt4fuBhSSsGn9Tcz0TQTfS5GCpXQ31Whrpqeqp0VRg==
  dependencies:
    "@noble/hashes" "^1.4.0"
    asn1js "^3.0.5"
    bytestreamjs "^2.0.0"
    pvtsutils "^1.3.2"
    pvutils "^1.1.3"
    tslib "^2.6.3"

poseidon-lite@^0.2.0:
  version "0.2.0"
  resolved "https://registry.yarnpkg.com/poseidon-lite/-/poseidon-lite-0.2.0.tgz#dbc242ebd9c10c32d507a533fa497231d168fd72"
  integrity sha512-vivDZnGmz8W4G/GzVA72PXkfYStjilu83rjjUfpL4PueKcC8nfX6hCPh2XhoC5FBgC6y0TA3YuUeUo5YCcNoig==

pvtsutils@^1.3.2, pvtsutils@^1.3.5:
  version "1.3.5"
  resolved "https://registry.yarnpkg.com/pvtsutils/-/pvtsutils-1.3.5.tgz#b8705b437b7b134cd7fd858f025a23456f1ce910"
  integrity sha512-ARvb14YB9Nm2Xi6nBq1ZX6dAM0FsJnuk+31aUp4TrcZEdKUlSqOqsxJHUPJDNE3qiIp+iUPEIeR6Je/tgV7zsA==
  dependencies:
    tslib "^2.6.1"

pvutils@^1.1.3:
  version "1.1.3"
  resolved "https://registry.yarnpkg.com/pvutils/-/pvutils-1.1.3.tgz#f35fc1d27e7cd3dfbd39c0826d173e806a03f5a3"
  integrity sha512-pMpnA0qRdFp32b1sJl1wOJNxZLQ2cbQx+k6tjNtZ8CpvVhNqEPRgivZ2WOUev2YMajecdH7ctUPDvEe87nariQ==

reflect-metadata@^0.2.2:
  version "0.2.2"
  resolved "https://registry.yarnpkg.com/reflect-metadata/-/reflect-metadata-0.2.2.tgz#400c845b6cba87a21f2c65c4aeb158f4fa4d9c5b"
  integrity sha512-urBwgfrvVP/eAyXx4hluJivBKzuEbSQs9rKWCrCkbSxNv8mxPcUZKeuoF3Uy4mJl3Lwprp6yy5/39VWigZ4K6Q==

safer-buffer@^2.1.0, safer-buffer@~2.1.0:
  version "2.1.2"
  resolved "https://registry.yarnpkg.com/safer-buffer/-/safer-buffer-2.1.2.tgz#44fa161b0187b9549dd84bb91802f9bd8385cd6a"
  integrity sha512-YZo3K82SD7Riyi0E1EQPojLz7kpepnSQI9IyPbHHg1XXXevb5dJI7tpyN2ADxGcQbHG7vcyRHk0cbwqcQriUtg==

steno@^4.0.2:
  version "4.0.2"
  resolved "https://registry.yarnpkg.com/steno/-/steno-4.0.2.tgz#9bd9b0ffc226a1f9436f29132c8b8e7199d22c50"
  integrity sha512-yhPIQXjrlt1xv7dyPQg2P17URmXbuM5pdGkpiMB3RenprfiBlvK415Lctfe0eshk90oA7/tNq7WEiMK8RSP39A==

tslib@^1.9.3:
  version "1.14.1"
  resolved "https://registry.yarnpkg.com/tslib/-/tslib-1.14.1.tgz#cf2d38bdc34a134bcaf1091c41f6619e2f672d00"
  integrity sha512-Xni35NKzjgMrwevysHTCArtLDpPvye8zV/0E4EyYn43P7/7qvQwPh9BGkHewbMulVntbigmcT7rdX3BNo9wRJg==

tslib@^2.4.0, tslib@^2.6.1, tslib@^2.6.2, tslib@^2.6.3:
  version "2.6.3"
  resolved "https://registry.yarnpkg.com/tslib/-/tslib-2.6.3.tgz#0438f810ad7a9edcde7a241c3d80db693c8cbfe0"
  integrity sha512-xNvxJEOUiWPGhUuUdQgAJPKOOJfGnIyKySOc09XkKsgdUV/3E2zvwZYdejjmRgPCgcym1juLH3226yA7sEFJKQ==

tsyringe@^4.8.0:
  version "4.8.0"
  resolved "https://registry.yarnpkg.com/tsyringe/-/tsyringe-4.8.0.tgz#d599651b36793ba872870fee4f845bd484a5cac1"
  integrity sha512-YB1FG+axdxADa3ncEtRnQCFq/M0lALGLxSZeVNbTU8NqhOVc51nnv2CISTcvc1kyv6EGPtXVr0v6lWeDxiijOA==
  dependencies:
    tslib "^1.9.3"

undici-types@~5.26.4:
  version "5.26.5"
  resolved "https://registry.npmjs.org/undici-types/-/undici-types-5.26.5.tgz"
  integrity sha512-JlCMO+ehdEIKqlFxk6IfVoAUVmgz7cU7zD/h9XZ0qzeosSHmUJVOzSQvvYSYWXkFXC+IfLKSIffhv0sVZup6pA==
