// !$*UTF8*$!
{
	archiveVersion = 1;
	classes = {
	};
	objectVersion = 46;
	objects = {

/* Begin PBXBuildFile section */
		2A418AB02AF4B1200004B747 /* CircomUITests.swift in Sources */ = {isa = PBXBuildFile; fileRef = 2A418AAF2AF4B1200004B747 /* CircomUITests.swift */; };
		2A6E5BAF2AF499460052A601 /* CircomTests.swift in Sources */ = {isa = PBXBuildFile; fileRef = 2A6E5BAE2AF499460052A601 /* CircomTests.swift */; };
		4384FD09A96F702A375841EE /* Pods_MoproKit_Tests.framework in Frameworks */ = {isa = PBXBuildFile; fileRef = 78B0F9CBE5DD22576996A993 /* Pods_MoproKit_Tests.framework */; };
		607FACD61AFB9204008FA782 /* AppDelegate.swift in Sources */ = {isa = PBXBuildFile; fileRef = 607FACD51AFB9204008FA782 /* AppDelegate.swift */; };
		607FACD81AFB9204008FA782 /* ViewController.swift in Sources */ = {isa = PBXBuildFile; fileRef = 607FACD71AFB9204008FA782 /* ViewController.swift */; };
		607FACDB1AFB9204008FA782 /* Main.storyboard in Resources */ = {isa = PBXBuildFile; fileRef = 607FACD91AFB9204008FA782 /* Main.storyboard */; };
		607FACDD1AFB9204008FA782 /* Images.xcassets in Resources */ = {isa = PBXBuildFile; fileRef = 607FACDC1AFB9204008FA782 /* Images.xcassets */; };
		607FACE01AFB9204008FA782 /* LaunchScreen.xib in Resources */ = {isa = PBXBuildFile; fileRef = 607FACDE1AFB9204008FA782 /* LaunchScreen.xib */; };
		7A38AEC233A3880A843B0133 /* Pods_MoproKit_Example.framework in Frameworks */ = {isa = PBXBuildFile; fileRef = 8BE5A40EAC7D019B9C7566CA /* Pods_MoproKit_Example.framework */; };
		CE2C1B8C2AFFCC5E002AF8BC /* main.wasm in Resources */ = {isa = PBXBuildFile; fileRef = CE2C1B8B2AFFCC5E002AF8BC /* main.wasm */; };
		CE2C1B8D2AFFCC5E002AF8BC /* main.wasm in Resources */ = {isa = PBXBuildFile; fileRef = CE2C1B8B2AFFCC5E002AF8BC /* main.wasm */; };
		CE5A5C062AD43A790074539D /* keccak256_256_test.wasm in Resources */ = {isa = PBXBuildFile; fileRef = CE5A5C052AD43A790074539D /* keccak256_256_test.wasm */; };
		CE5A5C072AD43A790074539D /* keccak256_256_test.wasm in Resources */ = {isa = PBXBuildFile; fileRef = CE5A5C052AD43A790074539D /* keccak256_256_test.wasm */; };
		CE5A5C092AD43A860074539D /* keccak256_256_test.r1cs in Resources */ = {isa = PBXBuildFile; fileRef = CE5A5C082AD43A860074539D /* keccak256_256_test.r1cs */; };
		CE5A5C0A2AD43A860074539D /* keccak256_256_test.r1cs in Resources */ = {isa = PBXBuildFile; fileRef = CE5A5C082AD43A860074539D /* keccak256_256_test.r1cs */; };
		CEA2D12F2AB96A7A00F292D2 /* multiplier2.wasm in Resources */ = {isa = PBXBuildFile; fileRef = CEA2D12E2AB96A7A00F292D2 /* multiplier2.wasm */; };
		CEA2D1302AB96A7A00F292D2 /* multiplier2.wasm in Resources */ = {isa = PBXBuildFile; fileRef = CEA2D12E2AB96A7A00F292D2 /* multiplier2.wasm */; };
		CEA2D1322AB96AB500F292D2 /* multiplier2.r1cs in Resources */ = {isa = PBXBuildFile; fileRef = CEA2D1312AB96AB500F292D2 /* multiplier2.r1cs */; };
		CEA2D1332AB96AB500F292D2 /* multiplier2.r1cs in Resources */ = {isa = PBXBuildFile; fileRef = CEA2D1312AB96AB500F292D2 /* multiplier2.r1cs */; };
		CEB804502AFF81960063F091 /* KeccakSetupViewController.swift in Sources */ = {isa = PBXBuildFile; fileRef = CEB8044F2AFF81960063F091 /* KeccakSetupViewController.swift */; };
		CEB804562AFF81AF0063F091 /* KeccakZkeyViewController.swift in Sources */ = {isa = PBXBuildFile; fileRef = CEB804552AFF81AF0063F091 /* KeccakZkeyViewController.swift */; };
		CEB804582AFF81BF0063F091 /* RSAViewController.swift in Sources */ = {isa = PBXBuildFile; fileRef = CEB804572AFF81BF0063F091 /* RSAViewController.swift */; };
		E69338642AFFDB1A00B80312 /* AnonAadhaarViewController.swift in Sources */ = {isa = PBXBuildFile; fileRef = E69338632AFFDB1A00B80312 /* AnonAadhaarViewController.swift */; };
/* End PBXBuildFile section */

/* Begin PBXContainerItemProxy section */
		607FACE61AFB9204008FA782 /* PBXContainerItemProxy */ = {
			isa = PBXContainerItemProxy;
			containerPortal = 607FACC81AFB9204008FA782 /* Project object */;
			proxyType = 1;
			remoteGlobalIDString = 607FACCF1AFB9204008FA782;
			remoteInfo = MoproKit;
		};
/* End PBXContainerItemProxy section */

/* Begin PBXFileReference section */
		1E5E014D70B48C9A59F14658 /* Pods-MoproKit_Example.release.xcconfig */ = {isa = PBXFileReference; includeInIndex = 1; lastKnownFileType = text.xcconfig; name = "Pods-MoproKit_Example.release.xcconfig"; path = "Target Support Files/Pods-MoproKit_Example/Pods-MoproKit_Example.release.xcconfig"; sourceTree = "<group>"; };
		2A418AAF2AF4B1200004B747 /* CircomUITests.swift */ = {isa = PBXFileReference; lastKnownFileType = sourcecode.swift; path = CircomUITests.swift; sourceTree = "<group>"; };
		2A6E5BAE2AF499460052A601 /* CircomTests.swift */ = {isa = PBXFileReference; lastKnownFileType = sourcecode.swift; path = CircomTests.swift; sourceTree = "<group>"; };
		47F8ADB0AC4168C6E874818D /* MoproKit.podspec */ = {isa = PBXFileReference; includeInIndex = 1; lastKnownFileType = text; name = MoproKit.podspec; path = ../MoproKit.podspec; sourceTree = "<group>"; };
		5DAF212A114DFA0C9F4282B2 /* Pods-MoproKit_Tests.debug.xcconfig */ = {isa = PBXFileReference; includeInIndex = 1; lastKnownFileType = text.xcconfig; name = "Pods-MoproKit_Tests.debug.xcconfig"; path = "Target Support Files/Pods-MoproKit_Tests/Pods-MoproKit_Tests.debug.xcconfig"; sourceTree = "<group>"; };
		607FACD01AFB9204008FA782 /* MoproKit_Example.app */ = {isa = PBXFileReference; explicitFileType = wrapper.application; includeInIndex = 0; path = MoproKit_Example.app; sourceTree = BUILT_PRODUCTS_DIR; };
		607FACD41AFB9204008FA782 /* Info.plist */ = {isa = PBXFileReference; lastKnownFileType = text.plist.xml; path = Info.plist; sourceTree = "<group>"; };
		607FACD51AFB9204008FA782 /* AppDelegate.swift */ = {isa = PBXFileReference; lastKnownFileType = sourcecode.swift; path = AppDelegate.swift; sourceTree = "<group>"; };
		607FACD71AFB9204008FA782 /* ViewController.swift */ = {isa = PBXFileReference; lastKnownFileType = sourcecode.swift; path = ViewController.swift; sourceTree = "<group>"; };
		607FACDA1AFB9204008FA782 /* Base */ = {isa = PBXFileReference; lastKnownFileType = file.storyboard; name = Base; path = Base.lproj/Main.storyboard; sourceTree = "<group>"; };
		607FACDC1AFB9204008FA782 /* Images.xcassets */ = {isa = PBXFileReference; lastKnownFileType = folder.assetcatalog; path = Images.xcassets; sourceTree = "<group>"; };
		607FACDF1AFB9204008FA782 /* Base */ = {isa = PBXFileReference; lastKnownFileType = file.xib; name = Base; path = Base.lproj/LaunchScreen.xib; sourceTree = "<group>"; };
		607FACE51AFB9204008FA782 /* MoproKit_Tests.xctest */ = {isa = PBXFileReference; explicitFileType = wrapper.cfbundle; includeInIndex = 0; path = MoproKit_Tests.xctest; sourceTree = BUILT_PRODUCTS_DIR; };
		607FACEA1AFB9204008FA782 /* Info.plist */ = {isa = PBXFileReference; lastKnownFileType = text.plist.xml; path = Info.plist; sourceTree = "<group>"; };
		78B0F9CBE5DD22576996A993 /* Pods_MoproKit_Tests.framework */ = {isa = PBXFileReference; explicitFileType = wrapper.framework; includeInIndex = 0; path = Pods_MoproKit_Tests.framework; sourceTree = BUILT_PRODUCTS_DIR; };
		8BE5A40EAC7D019B9C7566CA /* Pods_MoproKit_Example.framework */ = {isa = PBXFileReference; explicitFileType = wrapper.framework; includeInIndex = 0; path = Pods_MoproKit_Example.framework; sourceTree = BUILT_PRODUCTS_DIR; };
		90EAF1BEF8AD3C193665DBED /* Pods-MoproKit_Tests.release.xcconfig */ = {isa = PBXFileReference; includeInIndex = 1; lastKnownFileType = text.xcconfig; name = "Pods-MoproKit_Tests.release.xcconfig"; path = "Target Support Files/Pods-MoproKit_Tests/Pods-MoproKit_Tests.release.xcconfig"; sourceTree = "<group>"; };
		92580ABC3B6DBAD1A9544456 /* LICENSE */ = {isa = PBXFileReference; includeInIndex = 1; lastKnownFileType = text; name = LICENSE; path = ../LICENSE; sourceTree = "<group>"; };
		B4016A34BBB20BC381CCFC2D /* README.md */ = {isa = PBXFileReference; includeInIndex = 1; lastKnownFileType = net.daringfireball.markdown; name = README.md; path = ../README.md; sourceTree = "<group>"; };
		C61628A63419B5C140B24AF7 /* Pods-MoproKit_Example.debug.xcconfig */ = {isa = PBXFileReference; includeInIndex = 1; lastKnownFileType = text.xcconfig; name = "Pods-MoproKit_Example.debug.xcconfig"; path = "Target Support Files/Pods-MoproKit_Example/Pods-MoproKit_Example.debug.xcconfig"; sourceTree = "<group>"; };
		CE2C1B8B2AFFCC5E002AF8BC /* main.wasm */ = {isa = PBXFileReference; lastKnownFileType = file; name = main.wasm; path = "../../../../../mopro-core/examples/circom/rsa/target/main_js/main.wasm"; sourceTree = "<group>"; };
		CE5A5C052AD43A790074539D /* keccak256_256_test.wasm */ = {isa = PBXFileReference; lastKnownFileType = file; name = keccak256_256_test.wasm; path = "../../../../../mopro-core/examples/circom/keccak256/target/keccak256_256_test_js/keccak256_256_test.wasm"; sourceTree = "<group>"; };
		CE5A5C082AD43A860074539D /* keccak256_256_test.r1cs */ = {isa = PBXFileReference; lastKnownFileType = file; name = keccak256_256_test.r1cs; path = "../../../../../mopro-core/examples/circom/keccak256/target/keccak256_256_test.r1cs"; sourceTree = "<group>"; };
		CEA2D12E2AB96A7A00F292D2 /* multiplier2.wasm */ = {isa = PBXFileReference; lastKnownFileType = file; name = multiplier2.wasm; path = "../../../../../mopro-core/examples/circom/multiplier2/target/multiplier2_js/multiplier2.wasm"; sourceTree = "<group>"; };
		CEA2D1312AB96AB500F292D2 /* multiplier2.r1cs */ = {isa = PBXFileReference; lastKnownFileType = file; name = multiplier2.r1cs; path = "../../../../../mopro-core/examples/circom/multiplier2/target/multiplier2.r1cs"; sourceTree = "<group>"; };
		CEB8044F2AFF81960063F091 /* KeccakSetupViewController.swift */ = {isa = PBXFileReference; fileEncoding = 4; lastKnownFileType = sourcecode.swift; path = KeccakSetupViewController.swift; sourceTree = "<group>"; };
		CEB804552AFF81AF0063F091 /* KeccakZkeyViewController.swift */ = {isa = PBXFileReference; fileEncoding = 4; lastKnownFileType = sourcecode.swift; path = KeccakZkeyViewController.swift; sourceTree = "<group>"; };
		CEB804572AFF81BF0063F091 /* RSAViewController.swift */ = {isa = PBXFileReference; fileEncoding = 4; lastKnownFileType = sourcecode.swift; path = RSAViewController.swift; sourceTree = "<group>"; };
		E69338632AFFDB1A00B80312 /* AnonAadhaarViewController.swift */ = {isa = PBXFileReference; lastKnownFileType = sourcecode.swift; path = AnonAadhaarViewController.swift; sourceTree = "<group>"; };
/* End PBXFileReference section */

/* Begin PBXFrameworksBuildPhase section */
		607FACCD1AFB9204008FA782 /* Frameworks */ = {
			isa = PBXFrameworksBuildPhase;
			buildActionMask = 2147483647;
			files = (
				7A38AEC233A3880A843B0133 /* Pods_MoproKit_Example.framework in Frameworks */,
			);
			runOnlyForDeploymentPostprocessing = 0;
		};
		607FACE21AFB9204008FA782 /* Frameworks */ = {
			isa = PBXFrameworksBuildPhase;
			buildActionMask = 2147483647;
			files = (
				4384FD09A96F702A375841EE /* Pods_MoproKit_Tests.framework in Frameworks */,
			);
			runOnlyForDeploymentPostprocessing = 0;
		};
/* End PBXFrameworksBuildPhase section */

/* Begin PBXGroup section */
		164B820D208F5EFE221D6A86 /* Frameworks */ = {
			isa = PBXGroup;
			children = (
				8BE5A40EAC7D019B9C7566CA /* Pods_MoproKit_Example.framework */,
				78B0F9CBE5DD22576996A993 /* Pods_MoproKit_Tests.framework */,
			);
			name = Frameworks;
			sourceTree = "<group>";
		};
		607FACC71AFB9204008FA782 = {
			isa = PBXGroup;
			children = (
				607FACF51AFB993E008FA782 /* Podspec Metadata */,
				607FACD21AFB9204008FA782 /* Example for MoproKit */,
				607FACE81AFB9204008FA782 /* Tests */,
				607FACD11AFB9204008FA782 /* Products */,
				EEB809FA0FFBEC7559BC7169 /* Pods */,
				164B820D208F5EFE221D6A86 /* Frameworks */,
			);
			sourceTree = "<group>";
		};
		607FACD11AFB9204008FA782 /* Products */ = {
			isa = PBXGroup;
			children = (
				607FACD01AFB9204008FA782 /* MoproKit_Example.app */,
				607FACE51AFB9204008FA782 /* MoproKit_Tests.xctest */,
			);
			name = Products;
			sourceTree = "<group>";
		};
		607FACD21AFB9204008FA782 /* Example for MoproKit */ = {
			isa = PBXGroup;
			children = (
				CEB804572AFF81BF0063F091 /* RSAViewController.swift */,
				E69338632AFFDB1A00B80312 /* AnonAadhaarViewController.swift */,
				CEB804552AFF81AF0063F091 /* KeccakZkeyViewController.swift */,
				CEB8044F2AFF81960063F091 /* KeccakSetupViewController.swift */,
				CEA2D1282AB9681E00F292D2 /* Resources */,
				607FACD51AFB9204008FA782 /* AppDelegate.swift */,
				607FACD71AFB9204008FA782 /* ViewController.swift */,
				607FACD91AFB9204008FA782 /* Main.storyboard */,
				607FACDC1AFB9204008FA782 /* Images.xcassets */,
				607FACDE1AFB9204008FA782 /* LaunchScreen.xib */,
				607FACD31AFB9204008FA782 /* Supporting Files */,
			);
			name = "Example for MoproKit";
			path = MoproKit;
			sourceTree = "<group>";
		};
		607FACD31AFB9204008FA782 /* Supporting Files */ = {
			isa = PBXGroup;
			children = (
				607FACD41AFB9204008FA782 /* Info.plist */,
			);
			name = "Supporting Files";
			sourceTree = "<group>";
		};
		607FACE81AFB9204008FA782 /* Tests */ = {
			isa = PBXGroup;
			children = (
				2A418AAF2AF4B1200004B747 /* CircomUITests.swift */,
				607FACE91AFB9204008FA782 /* Supporting Files */,
				2A6E5BAE2AF499460052A601 /* CircomTests.swift */,
			);
			path = Tests;
			sourceTree = "<group>";
		};
		607FACE91AFB9204008FA782 /* Supporting Files */ = {
			isa = PBXGroup;
			children = (
				607FACEA1AFB9204008FA782 /* Info.plist */,
			);
			name = "Supporting Files";
			sourceTree = "<group>";
		};
		607FACF51AFB993E008FA782 /* Podspec Metadata */ = {
			isa = PBXGroup;
			children = (
				47F8ADB0AC4168C6E874818D /* MoproKit.podspec */,
				B4016A34BBB20BC381CCFC2D /* README.md */,
				92580ABC3B6DBAD1A9544456 /* LICENSE */,
			);
			name = "Podspec Metadata";
			sourceTree = "<group>";
		};
		CEA2D1282AB9681E00F292D2 /* Resources */ = {
			isa = PBXGroup;
			children = (
				CE2C1B8B2AFFCC5E002AF8BC /* main.wasm */,
				CE5A5C082AD43A860074539D /* keccak256_256_test.r1cs */,
				CE5A5C052AD43A790074539D /* keccak256_256_test.wasm */,
				CEA2D12E2AB96A7A00F292D2 /* multiplier2.wasm */,
				CEA2D1312AB96AB500F292D2 /* multiplier2.r1cs */,
			);
			path = Resources;
			sourceTree = "<group>";
		};
		EEB809FA0FFBEC7559BC7169 /* Pods */ = {
			isa = PBXGroup;
			children = (
				C61628A63419B5C140B24AF7 /* Pods-MoproKit_Example.debug.xcconfig */,
				1E5E014D70B48C9A59F14658 /* Pods-MoproKit_Example.release.xcconfig */,
				5DAF212A114DFA0C9F4282B2 /* Pods-MoproKit_Tests.debug.xcconfig */,
				90EAF1BEF8AD3C193665DBED /* Pods-MoproKit_Tests.release.xcconfig */,
			);
			path = Pods;
			sourceTree = "<group>";
		};
/* End PBXGroup section */

/* Begin PBXNativeTarget section */
		607FACCF1AFB9204008FA782 /* MoproKit_Example */ = {
			isa = PBXNativeTarget;
			buildConfigurationList = 607FACEF1AFB9204008FA782 /* Build configuration list for PBXNativeTarget "MoproKit_Example" */;
			buildPhases = (
				C880BC635097821F74482E9F /* [CP] Check Pods Manifest.lock */,
				607FACCC1AFB9204008FA782 /* Sources */,
				607FACCD1AFB9204008FA782 /* Frameworks */,
				607FACCE1AFB9204008FA782 /* Resources */,
				AE90EE4FFCA95237FBC047A3 /* [CP] Embed Pods Frameworks */,
			);
			buildRules = (
			);
			dependencies = (
			);
			name = MoproKit_Example;
			productName = MoproKit;
			productReference = 607FACD01AFB9204008FA782 /* MoproKit_Example.app */;
			productType = "com.apple.product-type.application";
		};
		607FACE41AFB9204008FA782 /* MoproKit_Tests */ = {
			isa = PBXNativeTarget;
			buildConfigurationList = 607FACF21AFB9204008FA782 /* Build configuration list for PBXNativeTarget "MoproKit_Tests" */;
			buildPhases = (
				2A673A4155C4EBC1B609897B /* [CP] Check Pods Manifest.lock */,
				607FACE11AFB9204008FA782 /* Sources */,
				607FACE21AFB9204008FA782 /* Frameworks */,
				607FACE31AFB9204008FA782 /* Resources */,
				2B1BB55A83D0E5B7D03D5DA0 /* [CP] Embed Pods Frameworks */,
			);
			buildRules = (
			);
			dependencies = (
				607FACE71AFB9204008FA782 /* PBXTargetDependency */,
			);
			name = MoproKit_Tests;
			productName = Tests;
			productReference = 607FACE51AFB9204008FA782 /* MoproKit_Tests.xctest */;
			productType = "com.apple.product-type.bundle.unit-test";
		};
/* End PBXNativeTarget section */

/* Begin PBXProject section */
		607FACC81AFB9204008FA782 /* Project object */ = {
			isa = PBXProject;
			attributes = {
				LastSwiftUpdateCheck = 0830;
				LastUpgradeCheck = 0830;
				ORGANIZATIONNAME = CocoaPods;
				TargetAttributes = {
					607FACCF1AFB9204008FA782 = {
						CreatedOnToolsVersion = 6.3.1;
						DevelopmentTeam = 5B29R5LYHQ;
						LastSwiftMigration = 0900;
					};
					607FACE41AFB9204008FA782 = {
						CreatedOnToolsVersion = 6.3.1;
						DevelopmentTeam = 5B29R5LYHQ;
						LastSwiftMigration = 0900;
						TestTargetID = 607FACCF1AFB9204008FA782;
					};
				};
			};
			buildConfigurationList = 607FACCB1AFB9204008FA782 /* Build configuration list for PBXProject "MoproKit" */;
			compatibilityVersion = "Xcode 3.2";
			developmentRegion = English;
			hasScannedForEncodings = 0;
			knownRegions = (
				English,
				en,
				Base,
			);
			mainGroup = 607FACC71AFB9204008FA782;
			productRefGroup = 607FACD11AFB9204008FA782 /* Products */;
			projectDirPath = "";
			projectRoot = "";
			targets = (
				607FACCF1AFB9204008FA782 /* MoproKit_Example */,
				607FACE41AFB9204008FA782 /* MoproKit_Tests */,
			);
		};
/* End PBXProject section */

/* Begin PBXResourcesBuildPhase section */
		607FACCE1AFB9204008FA782 /* Resources */ = {
			isa = PBXResourcesBuildPhase;
			buildActionMask = 2147483647;
			files = (
				CEA2D1322AB96AB500F292D2 /* multiplier2.r1cs in Resources */,
				607FACDB1AFB9204008FA782 /* Main.storyboard in Resources */,
				607FACE01AFB9204008FA782 /* LaunchScreen.xib in Resources */,
				CE5A5C062AD43A790074539D /* keccak256_256_test.wasm in Resources */,
				CE2C1B8C2AFFCC5E002AF8BC /* main.wasm in Resources */,
				607FACDD1AFB9204008FA782 /* Images.xcassets in Resources */,
				CEA2D12F2AB96A7A00F292D2 /* multiplier2.wasm in Resources */,
				CE5A5C092AD43A860074539D /* keccak256_256_test.r1cs in Resources */,
			);
			runOnlyForDeploymentPostprocessing = 0;
		};
		607FACE31AFB9204008FA782 /* Resources */ = {
			isa = PBXResourcesBuildPhase;
			buildActionMask = 2147483647;
			files = (
				CE5A5C0A2AD43A860074539D /* keccak256_256_test.r1cs in Resources */,
				CE5A5C072AD43A790074539D /* keccak256_256_test.wasm in Resources */,
				CE2C1B8D2AFFCC5E002AF8BC /* main.wasm in Resources */,
				CEA2D1332AB96AB500F292D2 /* multiplier2.r1cs in Resources */,
				CEA2D1302AB96A7A00F292D2 /* multiplier2.wasm in Resources */,
			);
			runOnlyForDeploymentPostprocessing = 0;
		};
/* End PBXResourcesBuildPhase section */

/* Begin PBXShellScriptBuildPhase section */
		2A673A4155C4EBC1B609897B /* [CP] Check Pods Manifest.lock */ = {
			isa = PBXShellScriptBuildPhase;
			buildActionMask = 2147483647;
			files = (
			);
			inputFileListPaths = (
			);
			inputPaths = (
				"${PODS_PODFILE_DIR_PATH}/Podfile.lock",
				"${PODS_ROOT}/Manifest.lock",
			);
			name = "[CP] Check Pods Manifest.lock";
			outputFileListPaths = (
			);
			outputPaths = (
				"$(DERIVED_FILE_DIR)/Pods-MoproKit_Tests-checkManifestLockResult.txt",
			);
			runOnlyForDeploymentPostprocessing = 0;
			shellPath = /bin/sh;
			shellScript = "diff \"${PODS_PODFILE_DIR_PATH}/Podfile.lock\" \"${PODS_ROOT}/Manifest.lock\" > /dev/null\nif [ $? != 0 ] ; then\n    # print error to STDERR\n    echo \"error: The sandbox is not in sync with the Podfile.lock. Run 'pod install' or update your CocoaPods installation.\" >&2\n    exit 1\nfi\n# This output is used by Xcode 'outputs' to avoid re-running this script phase.\necho \"SUCCESS\" > \"${SCRIPT_OUTPUT_FILE_0}\"\n";
			showEnvVarsInLog = 0;
		};
		2B1BB55A83D0E5B7D03D5DA0 /* [CP] Embed Pods Frameworks */ = {
			isa = PBXShellScriptBuildPhase;
			buildActionMask = 2147483647;
			files = (
			);
			inputPaths = (
				"${PODS_ROOT}/Target Support Files/Pods-MoproKit_Tests/Pods-MoproKit_Tests-frameworks.sh",
				"${BUILT_PRODUCTS_DIR}/Nimble/Nimble.framework",
				"${BUILT_PRODUCTS_DIR}/Quick/Quick.framework",
			);
			name = "[CP] Embed Pods Frameworks";
			outputPaths = (
				"${TARGET_BUILD_DIR}/${FRAMEWORKS_FOLDER_PATH}/Nimble.framework",
				"${TARGET_BUILD_DIR}/${FRAMEWORKS_FOLDER_PATH}/Quick.framework",
			);
			runOnlyForDeploymentPostprocessing = 0;
			shellPath = /bin/sh;
			shellScript = "\"${PODS_ROOT}/Target Support Files/Pods-MoproKit_Tests/Pods-MoproKit_Tests-frameworks.sh\"\n";
			showEnvVarsInLog = 0;
		};
		AE90EE4FFCA95237FBC047A3 /* [CP] Embed Pods Frameworks */ = {
			isa = PBXShellScriptBuildPhase;
			buildActionMask = 2147483647;
			files = (
			);
			inputPaths = (
				"${PODS_ROOT}/Target Support Files/Pods-MoproKit_Example/Pods-MoproKit_Example-frameworks.sh",
				"${BUILT_PRODUCTS_DIR}/MoproKit/MoproKit.framework",
			);
			name = "[CP] Embed Pods Frameworks";
			outputPaths = (
				"${TARGET_BUILD_DIR}/${FRAMEWORKS_FOLDER_PATH}/MoproKit.framework",
			);
			runOnlyForDeploymentPostprocessing = 0;
			shellPath = /bin/sh;
			shellScript = "\"${PODS_ROOT}/Target Support Files/Pods-MoproKit_Example/Pods-MoproKit_Example-frameworks.sh\"\n";
			showEnvVarsInLog = 0;
		};
		C880BC635097821F74482E9F /* [CP] Check Pods Manifest.lock */ = {
			isa = PBXShellScriptBuildPhase;
			buildActionMask = 2147483647;
			files = (
			);
			inputFileListPaths = (
			);
			inputPaths = (
				"${PODS_PODFILE_DIR_PATH}/Podfile.lock",
				"${PODS_ROOT}/Manifest.lock",
			);
			name = "[CP] Check Pods Manifest.lock";
			outputFileListPaths = (
			);
			outputPaths = (
				"$(DERIVED_FILE_DIR)/Pods-MoproKit_Example-checkManifestLockResult.txt",
			);
			runOnlyForDeploymentPostprocessing = 0;
			shellPath = /bin/sh;
			shellScript = "diff \"${PODS_PODFILE_DIR_PATH}/Podfile.lock\" \"${PODS_ROOT}/Manifest.lock\" > /dev/null\nif [ $? != 0 ] ; then\n    # print error to STDERR\n    echo \"error: The sandbox is not in sync with the Podfile.lock. Run 'pod install' or update your CocoaPods installation.\" >&2\n    exit 1\nfi\n# This output is used by Xcode 'outputs' to avoid re-running this script phase.\necho \"SUCCESS\" > \"${SCRIPT_OUTPUT_FILE_0}\"\n";
			showEnvVarsInLog = 0;
		};
/* End PBXShellScriptBuildPhase section */

/* Begin PBXSourcesBuildPhase section */
		607FACCC1AFB9204008FA782 /* Sources */ = {
			isa = PBXSourcesBuildPhase;
			buildActionMask = 2147483647;
			files = (
				CEB804582AFF81BF0063F091 /* RSAViewController.swift in Sources */,
				CEB804562AFF81AF0063F091 /* KeccakZkeyViewController.swift in Sources */,
				607FACD81AFB9204008FA782 /* ViewController.swift in Sources */,
				CEB804502AFF81960063F091 /* KeccakSetupViewController.swift in Sources */,
				607FACD61AFB9204008FA782 /* AppDelegate.swift in Sources */,
				E69338642AFFDB1A00B80312 /* AnonAadhaarViewController.swift in Sources */,
			);
			runOnlyForDeploymentPostprocessing = 0;
		};
		607FACE11AFB9204008FA782 /* Sources */ = {
			isa = PBXSourcesBuildPhase;
			buildActionMask = 2147483647;
			files = (
				2A6E5BAF2AF499460052A601 /* CircomTests.swift in Sources */,
				2A418AB02AF4B1200004B747 /* CircomUITests.swift in Sources */,
			);
			runOnlyForDeploymentPostprocessing = 0;
		};
/* End PBXSourcesBuildPhase section */

/* Begin PBXTargetDependency section */
		607FACE71AFB9204008FA782 /* PBXTargetDependency */ = {
			isa = PBXTargetDependency;
			target = 607FACCF1AFB9204008FA782 /* MoproKit_Example */;
			targetProxy = 607FACE61AFB9204008FA782 /* PBXContainerItemProxy */;
		};
/* End PBXTargetDependency section */

/* Begin PBXVariantGroup section */
		607FACD91AFB9204008FA782 /* Main.storyboard */ = {
			isa = PBXVariantGroup;
			children = (
				607FACDA1AFB9204008FA782 /* Base */,
			);
			name = Main.storyboard;
			sourceTree = "<group>";
		};
		607FACDE1AFB9204008FA782 /* LaunchScreen.xib */ = {
			isa = PBXVariantGroup;
			children = (
				607FACDF1AFB9204008FA782 /* Base */,
			);
			name = LaunchScreen.xib;
			sourceTree = "<group>";
		};
/* End PBXVariantGroup section */

/* Begin XCBuildConfiguration section */
		607FACED1AFB9204008FA782 /* Debug */ = {
			isa = XCBuildConfiguration;
			buildSettings = {
				ALWAYS_SEARCH_USER_PATHS = NO;
				CLANG_CXX_LANGUAGE_STANDARD = "gnu++0x";
				CLANG_CXX_LIBRARY = "libc++";
				CLANG_ENABLE_MODULES = YES;
				CLANG_ENABLE_OBJC_ARC = YES;
				CLANG_WARN_BLOCK_CAPTURE_AUTORELEASING = YES;
				CLANG_WARN_BOOL_CONVERSION = YES;
				CLANG_WARN_COMMA = YES;
				CLANG_WARN_CONSTANT_CONVERSION = YES;
				CLANG_WARN_DIRECT_OBJC_ISA_USAGE = YES_ERROR;
				CLANG_WARN_EMPTY_BODY = YES;
				CLANG_WARN_ENUM_CONVERSION = YES;
				CLANG_WARN_INFINITE_RECURSION = YES;
				CLANG_WARN_INT_CONVERSION = YES;
				CLANG_WARN_NON_LITERAL_NULL_CONVERSION = YES;
				CLANG_WARN_OBJC_LITERAL_CONVERSION = YES;
				CLANG_WARN_OBJC_ROOT_CLASS = YES_ERROR;
				CLANG_WARN_RANGE_LOOP_ANALYSIS = YES;
				CLANG_WARN_STRICT_PROTOTYPES = YES;
				CLANG_WARN_SUSPICIOUS_MOVE = YES;
				CLANG_WARN_UNREACHABLE_CODE = YES;
				CLANG_WARN__DUPLICATE_METHOD_MATCH = YES;
				"CODE_SIGN_IDENTITY[sdk=iphoneos*]" = "iPhone Developer";
				COPY_PHASE_STRIP = NO;
				DEBUG_INFORMATION_FORMAT = "dwarf-with-dsym";
				ENABLE_STRICT_OBJC_MSGSEND = YES;
				ENABLE_TESTABILITY = YES;
				GCC_C_LANGUAGE_STANDARD = gnu99;
				GCC_DYNAMIC_NO_PIC = NO;
				GCC_NO_COMMON_BLOCKS = YES;
				GCC_OPTIMIZATION_LEVEL = 0;
				GCC_PREPROCESSOR_DEFINITIONS = (
					"DEBUG=1",
					"$(inherited)",
				);
				GCC_SYMBOLS_PRIVATE_EXTERN = NO;
				GCC_WARN_64_TO_32_BIT_CONVERSION = YES;
				GCC_WARN_ABOUT_RETURN_TYPE = YES_ERROR;
				GCC_WARN_UNDECLARED_SELECTOR = YES;
				GCC_WARN_UNINITIALIZED_AUTOS = YES_AGGRESSIVE;
				GCC_WARN_UNUSED_FUNCTION = YES;
				GCC_WARN_UNUSED_VARIABLE = YES;
				IPHONEOS_DEPLOYMENT_TARGET = 14.0;
				MTL_ENABLE_DEBUG_INFO = YES;
				ONLY_ACTIVE_ARCH = YES;
				SDKROOT = iphoneos;
				SWIFT_OPTIMIZATION_LEVEL = "-Onone";
			};
			name = Debug;
		};
		607FACEE1AFB9204008FA782 /* Release */ = {
			isa = XCBuildConfiguration;
			buildSettings = {
				ALWAYS_SEARCH_USER_PATHS = NO;
				CLANG_CXX_LANGUAGE_STANDARD = "gnu++0x";
				CLANG_CXX_LIBRARY = "libc++";
				CLANG_ENABLE_MODULES = YES;
				CLANG_ENABLE_OBJC_ARC = YES;
				CLANG_WARN_BLOCK_CAPTURE_AUTORELEASING = YES;
				CLANG_WARN_BOOL_CONVERSION = YES;
				CLANG_WARN_COMMA = YES;
				CLANG_WARN_CONSTANT_CONVERSION = YES;
				CLANG_WARN_DIRECT_OBJC_ISA_USAGE = YES_ERROR;
				CLANG_WARN_EMPTY_BODY = YES;
				CLANG_WARN_ENUM_CONVERSION = YES;
				CLANG_WARN_INFINITE_RECURSION = YES;
				CLANG_WARN_INT_CONVERSION = YES;
				CLANG_WARN_NON_LITERAL_NULL_CONVERSION = YES;
				CLANG_WARN_OBJC_LITERAL_CONVERSION = YES;
				CLANG_WARN_OBJC_ROOT_CLASS = YES_ERROR;
				CLANG_WARN_RANGE_LOOP_ANALYSIS = YES;
				CLANG_WARN_STRICT_PROTOTYPES = YES;
				CLANG_WARN_SUSPICIOUS_MOVE = YES;
				CLANG_WARN_UNREACHABLE_CODE = YES;
				CLANG_WARN__DUPLICATE_METHOD_MATCH = YES;
				"CODE_SIGN_IDENTITY[sdk=iphoneos*]" = "iPhone Developer";
				COPY_PHASE_STRIP = NO;
				DEBUG_INFORMATION_FORMAT = "dwarf-with-dsym";
				ENABLE_NS_ASSERTIONS = NO;
				ENABLE_STRICT_OBJC_MSGSEND = YES;
				GCC_C_LANGUAGE_STANDARD = gnu99;
				GCC_NO_COMMON_BLOCKS = YES;
				GCC_WARN_64_TO_32_BIT_CONVERSION = YES;
				GCC_WARN_ABOUT_RETURN_TYPE = YES_ERROR;
				GCC_WARN_UNDECLARED_SELECTOR = YES;
				GCC_WARN_UNINITIALIZED_AUTOS = YES_AGGRESSIVE;
				GCC_WARN_UNUSED_FUNCTION = YES;
				GCC_WARN_UNUSED_VARIABLE = YES;
				IPHONEOS_DEPLOYMENT_TARGET = 14.0;
				MTL_ENABLE_DEBUG_INFO = NO;
				SDKROOT = iphoneos;
				SWIFT_OPTIMIZATION_LEVEL = "-Owholemodule";
				VALIDATE_PRODUCT = YES;
			};
			name = Release;
		};
		607FACF01AFB9204008FA782 /* Debug */ = {
			isa = XCBuildConfiguration;
			baseConfigurationReference = C61628A63419B5C140B24AF7 /* Pods-MoproKit_Example.debug.xcconfig */;
			buildSettings = {
				ASSETCATALOG_COMPILER_APPICON_NAME = AppIcon;
				DEVELOPMENT_TEAM = 5B29R5LYHQ;
				GCC_SYMBOLS_PRIVATE_EXTERN = NO;
				INFOPLIST_FILE = MoproKit/Info.plist;
				IPHONEOS_DEPLOYMENT_TARGET = 13.0;
				LD_RUNPATH_SEARCH_PATHS = "$(inherited) @executable_path/Frameworks";
				MODULE_NAME = ExampleApp;
				PRODUCT_BUNDLE_IDENTIFIER = org.mopro.examples;
				PRODUCT_NAME = "$(TARGET_NAME)";
				SWIFT_SWIFT3_OBJC_INFERENCE = Default;
				SWIFT_VERSION = 4.0;
			};
			name = Debug;
		};
		607FACF11AFB9204008FA782 /* Release */ = {
			isa = XCBuildConfiguration;
			baseConfigurationReference = 1E5E014D70B48C9A59F14658 /* Pods-MoproKit_Example.release.xcconfig */;
			buildSettings = {
				ASSETCATALOG_COMPILER_APPICON_NAME = AppIcon;
				DEVELOPMENT_TEAM = 5B29R5LYHQ;
				GCC_SYMBOLS_PRIVATE_EXTERN = NO;
				INFOPLIST_FILE = MoproKit/Info.plist;
				IPHONEOS_DEPLOYMENT_TARGET = 13.0;
				LD_RUNPATH_SEARCH_PATHS = "$(inherited) @executable_path/Frameworks";
				MODULE_NAME = ExampleApp;
				PRODUCT_BUNDLE_IDENTIFIER = org.mopro.examples;
				PRODUCT_NAME = "$(TARGET_NAME)";
				SWIFT_SWIFT3_OBJC_INFERENCE = Default;
				SWIFT_VERSION = 4.0;
			};
			name = Release;
		};
		607FACF31AFB9204008FA782 /* Debug */ = {
			isa = XCBuildConfiguration;
			baseConfigurationReference = 5DAF212A114DFA0C9F4282B2 /* Pods-MoproKit_Tests.debug.xcconfig */;
			buildSettings = {
				BUNDLE_LOADER = "$(BUILT_PRODUCTS_DIR)/MoproKit_Example.app/MoproKit_Example";
				DEVELOPMENT_TEAM = 5B29R5LYHQ;
				FRAMEWORK_SEARCH_PATHS = (
					"$(PLATFORM_DIR)/Developer/Library/Frameworks",
					"$(inherited)",
				);
				GCC_PREPROCESSOR_DEFINITIONS = (
					"DEBUG=1",
					"$(inherited)",
				);
				INFOPLIST_FILE = Tests/Info.plist;
				LD_RUNPATH_SEARCH_PATHS = "$(inherited) @executable_path/Frameworks @loader_path/Frameworks";
				PRODUCT_BUNDLE_IDENTIFIER = org.mopro.examples.test;
				PRODUCT_NAME = "$(TARGET_NAME)";
				SWIFT_SWIFT3_OBJC_INFERENCE = Default;
				SWIFT_VERSION = 4.0;
				TEST_HOST = "$(BUILT_PRODUCTS_DIR)/MoproKit_Example.app/MoproKit_Example";
			};
			name = Debug;
		};
		607FACF41AFB9204008FA782 /* Release */ = {
			isa = XCBuildConfiguration;
			baseConfigurationReference = 90EAF1BEF8AD3C193665DBED /* Pods-MoproKit_Tests.release.xcconfig */;
			buildSettings = {
				BUNDLE_LOADER = "$(BUILT_PRODUCTS_DIR)/MoproKit_Example.app/MoproKit_Example";
				DEVELOPMENT_TEAM = 5B29R5LYHQ;
				FRAMEWORK_SEARCH_PATHS = (
					"$(PLATFORM_DIR)/Developer/Library/Frameworks",
					"$(inherited)",
				);
				INFOPLIST_FILE = Tests/Info.plist;
				LD_RUNPATH_SEARCH_PATHS = "$(inherited) @executable_path/Frameworks @loader_path/Frameworks";
				PRODUCT_BUNDLE_IDENTIFIER = org.mopro.examples.test;
				PRODUCT_NAME = "$(TARGET_NAME)";
				SWIFT_SWIFT3_OBJC_INFERENCE = Default;
				SWIFT_VERSION = 4.0;
				TEST_HOST = "$(BUILT_PRODUCTS_DIR)/MoproKit_Example.app/MoproKit_Example";
			};
			name = Release;
		};
/* End XCBuildConfiguration section */

/* Begin XCConfigurationList section */
		607FACCB1AFB9204008FA782 /* Build configuration list for PBXProject "MoproKit" */ = {
			isa = XCConfigurationList;
			buildConfigurations = (
				607FACED1AFB9204008FA782 /* Debug */,
				607FACEE1AFB9204008FA782 /* Release */,
			);
			defaultConfigurationIsVisible = 0;
			defaultConfigurationName = Release;
		};
		607FACEF1AFB9204008FA782 /* Build configuration list for PBXNativeTarget "MoproKit_Example" */ = {
			isa = XCConfigurationList;
			buildConfigurations = (
				607FACF01AFB9204008FA782 /* Debug */,
				607FACF11AFB9204008FA782 /* Release */,
			);
			defaultConfigurationIsVisible = 0;
			defaultConfigurationName = Release;
		};
		607FACF21AFB9204008FA782 /* Build configuration list for PBXNativeTarget "MoproKit_Tests" */ = {
			isa = XCConfigurationList;
			buildConfigurations = (
				607FACF31AFB9204008FA782 /* Debug */,
				607FACF41AFB9204008FA782 /* Release */,
			);
			defaultConfigurationIsVisible = 0;
			defaultConfigurationName = Release;
		};
/* End XCConfigurationList section */
	};
	rootObject = 607FACC81AFB9204008FA782 /* Project object */;
}
