# THIS IS AN AUTOGENERATED FILE. DO NOT EDIT THIS FILE DIRECTLY.
# yarn lockfile v1


"@babel/runtime@^7.23.4":
  version "7.23.4"
  resolved "https://registry.yarnpkg.com/@babel/runtime/-/runtime-7.23.4.tgz#36fa1d2b36db873d25ec631dcc4923fdc1cf2e2e"
  integrity sha512-2Yv65nlWnWlSpe3fXEyX5i7fx5kIKo4Qbcj+hMO0odwaneFjfXw5fdum+4yL20O0QiaHpia0cYQ9xpNMqrBwHg==
  dependencies:
    regenerator-runtime "^0.14.0"

"@types/node-forge@^1.3.10":
  version "1.3.10"
  resolved "https://registry.npmjs.org/@types/node-forge/-/node-forge-1.3.10.tgz"
  integrity sha512-y6PJDYN4xYBxwd22l+OVH35N+1fCYWiuC3aiP2SlXVE6Lo7SS+rSx9r89hLxrP4pn6n1lBGhHJ12pj3F3Mpttw==
  dependencies:
    "@types/node" "*"

"@types/node@*":
  version "20.10.0"
  resolved "https://registry.npmjs.org/@types/node/-/node-20.10.0.tgz"
  integrity sha512-D0WfRmU9TQ8I9PFx9Yc+EBHw+vSpIub4IDvQivcp26PtPrdMGAq5SDcpXEo/epqa/DXotVpekHiLNTg3iaKXBQ==
  dependencies:
    undici-types "~5.26.4"

"@zk-kit/imt@https://gitpkg.now.sh/0xturboblitz/zk-kit/packages/imt?6d417675":
  version "2.0.0-beta.1"
  resolved "https://gitpkg.now.sh/0xturboblitz/zk-kit/packages/imt?6d417675#38244ea6eef75dc1ad7fff3ff2a22dd5f1a2593a"

js-sha256@^0.10.1:
  version "0.10.1"
  resolved "https://registry.npmjs.org/js-sha256/-/js-sha256-0.10.1.tgz"
  integrity sha512-5obBtsz9301ULlsgggLg542s/jqtddfOpV5KJc4hajc9JV8GeY2gZHSVpYBn4nWqAUTJ9v+xwtbJ1mIBgIH5Vw==

node-forge@^1.3.1:
  version "1.3.1"
  resolved "https://registry.npmjs.org/node-forge/-/node-forge-1.3.1.tgz"
  integrity sha512-dPEtOeMvF9VMcYV/1Wb8CPoVAXtp6MKMlcbAt4ddqmGqUJ6fQZFXkNZNkNlfevtNkGtaSoXf/vNNNSvgrdXwtA==

poseidon-lite@^0.2.0:
  version "0.2.0"
  resolved "https://registry.yarnpkg.com/poseidon-lite/-/poseidon-lite-0.2.0.tgz#dbc242ebd9c10c32d507a533fa497231d168fd72"
  integrity sha512-vivDZnGmz8W4G/GzVA72PXkfYStjilu83rjjUfpL4PueKcC8nfX6hCPh2XhoC5FBgC6y0TA3YuUeUo5YCcNoig==

regenerator-runtime@^0.14.0:
  version "0.14.0"
  resolved "https://registry.yarnpkg.com/regenerator-runtime/-/regenerator-runtime-0.14.0.tgz#5e19d68eb12d486f797e15a3c6a918f7cec5eb45"
  integrity sha512-srw17NI0TUWHuGa5CFGGmhfNIeja30WMBfbslPNhf6JrqQlLN5gcrvig1oqPxiVaXb0oW0XRKtH6Nngs5lKCIA==

undici-types@~5.26.4:
  version "5.26.5"
  resolved "https://registry.npmjs.org/undici-types/-/undici-types-5.26.5.tgz"
  integrity sha512-JlCMO+ehdEIKqlFxk6IfVoAUVmgz7cU7zD/h9XZ0qzeosSHmUJVOzSQvvYSYWXkFXC+IfLKSIffhv0sVZup6pA==
